
Microsoft Visual Studio Solution File, Format Version 12.00
# Visual Studio Version 17
VisualStudioVersion = 17.0.31903.59
MinimumVisualStudioVersion = 10.0.40219.1
Project("{9A19103F-16F7-4668-BE54-9A1E7A4F7556}") = "JoinRpg.DataModel", "src\JoinRpg.DataModel\JoinRpg.DataModel.csproj", "{BD1358F0-8C7B-4205-84BC-B1C954364DF0}"
EndProject
Project("{9A19103F-16F7-4668-BE54-9A1E7A4F7556}") = "JoinRpg.Dal.Impl", "src\JoinRpg.Dal.Impl\JoinRpg.Dal.Impl.csproj", "{2FDC4A55-3A3D-445B-9916-2F3ED898168B}"
EndProject
Project("{9A19103F-16F7-4668-BE54-9A1E7A4F7556}") = "JoinRpg.Services.Interfaces", "src\JoinRpg.Services.Interfaces\JoinRpg.Services.Interfaces.csproj", "{7032C5D8-131D-4E84-ADF4-263399F9626A}"
EndProject
Project("{9A19103F-16F7-4668-BE54-9A1E7A4F7556}") = "JoinRpg.Data.Interfaces", "src\JoinRpg.Data.Interfaces\JoinRpg.Data.Interfaces.csproj", "{633AFDDE-92F4-4630-B971-EA5A4E14D0CA}"
EndProject
Project("{9A19103F-16F7-4668-BE54-9A1E7A4F7556}") = "JoinRpg.Services.Impl", "src\JoinRpg.Services.Impl\JoinRpg.Services.Impl.csproj", "{835EB33A-F3D1-49C7-9C85-1F5F2387A052}"
EndProject
Project("{9A19103F-16F7-4668-BE54-9A1E7A4F7556}") = "JoinRpg.Domain", "src\JoinRpg.Domain\JoinRpg.Domain.csproj", "{FEE778A6-B9E7-4305-B985-3C4FA5F1B1D8}"
EndProject
Project("{9A19103F-16F7-4668-BE54-9A1E7A4F7556}") = "JoinRpg.Helpers", "src\JoinRpg.Helpers\JoinRpg.Helpers.csproj", "{011FE918-5653-4A6D-BF65-BB0E01DD74AC}"
EndProject
Project("{9A19103F-16F7-4668-BE54-9A1E7A4F7556}") = "JoinRpg.Services.Email", "src\JoinRpg.Services.Email\JoinRpg.Services.Email.csproj", "{4C917F4E-977F-4B8D-B9B1-9A92854E83BF}"
EndProject
Project("{9A19103F-16F7-4668-BE54-9A1E7A4F7556}") = "JoinRpg.TestHelpers", "src\JoinRpg.TestHelpers\JoinRpg.TestHelpers.csproj", "{7B8DB01F-423B-4BC9-9336-50D772F34F82}"
EndProject
Project("{2150E333-8FDC-42A3-9474-1A3956D46DE8}") = "Tests", "Tests", "{8BB208B6-13CD-4942-B3AC-037BDF858727}"
EndProject
Project("{9A19103F-16F7-4668-BE54-9A1E7A4F7556}") = "JoinRpg.Helpers.Test", "src\JoinRpg.Helpers.Test\JoinRpg.Helpers.Test.csproj", "{2C54153D-EB05-4A29-9163-C559628CFD7E}"
EndProject
Project("{9A19103F-16F7-4668-BE54-9A1E7A4F7556}") = "JoinRpg.Data.Write.Interfaces", "src\JoinRpg.Data.Write.Interfaces\JoinRpg.Data.Write.Interfaces.csproj", "{1DA9ABCA-67FE-4E37-B97D-7A5CCC5CDB46}"
EndProject
Project("{2150E333-8FDC-42A3-9474-1A3956D46DE8}") = "Solution Items", "Solution Items", "{18541948-5966-481B-B755-833AF5A7BC17}"
	ProjectSection(SolutionItems) = preProject
		.editorconfig = .editorconfig
		code_placement.txt = code_placement.txt
		CONTRIBUTING.MD = CONTRIBUTING.MD
		.github\dependabot.yml = .github\dependabot.yml
		directory.build.props = directory.build.props
		docker-compose.yml = docker-compose.yml
		LICENSE.MD = LICENSE.MD
		README.md = README.md
	EndProjectSection
EndProject
Project("{9A19103F-16F7-4668-BE54-9A1E7A4F7556}") = "JoinRpg.Services.Export", "src\JoinRpg.Services.Export\JoinRpg.Services.Export.csproj", "{195112ED-B687-48D2-ADA6-2F27294EA645}"
EndProject
Project("{9A19103F-16F7-4668-BE54-9A1E7A4F7556}") = "JoinRpg.CommonUI.Models", "src\JoinRpg.CommonUI.Models\JoinRpg.CommonUI.Models.csproj", "{81185840-6DA0-440B-813A-E32D6CCAD34E}"
EndProject
Project("{9A19103F-16F7-4668-BE54-9A1E7A4F7556}") = "JoinRpg.CommonUI.Models.Test", "src\JoinRpg.CommonUI.Models.Test\JoinRpg.CommonUI.Models.Test.csproj", "{0DEAC762-ABEF-4AE8-AC2E-5B697171E703}"
EndProject
Project("{9A19103F-16F7-4668-BE54-9A1E7A4F7556}") = "JoinRpg.Helpers.Web", "src\JoinRpg.Helpers.Web\JoinRpg.Helpers.Web.csproj", "{DFE0D0A8-980E-49A1-9D9F-C7866FAF4C05}"
EndProject
Project("{9A19103F-16F7-4668-BE54-9A1E7A4F7556}") = "JoinRpg.Helpers.Web.Test", "src\JoinRpg.Helpers.Web.Test\JoinRpg.Helpers.Web.Test.csproj", "{6B134A2C-84BF-445E-B5FC-0451E3C432CE}"
EndProject
Project("{9A19103F-16F7-4668-BE54-9A1E7A4F7556}") = "JoinRpg.Markdown.Test", "src\JoinRpg.Markdown.Test\JoinRpg.Markdown.Test.csproj", "{138594D3-38DF-4025-B5B5-1049D686CC29}"
EndProject
Project("{9A19103F-16F7-4668-BE54-9A1E7A4F7556}") = "JoinRpg.Domain.Test", "src\JoinRpg.Domain.Test\JoinRpg.Domain.Test.csproj", "{F17A0823-4C0A-40C3-818F-A593FB6ADBEC}"
EndProject
Project("{9A19103F-16F7-4668-BE54-9A1E7A4F7556}") = "JoinRpg.DataModel.Mocks", "src\JoinRpg.DataModel.Mocks\JoinRpg.DataModel.Mocks.csproj", "{87AC11E6-9C66-468A-AC68-927D61D1E233}"
EndProject
Project("{9A19103F-16F7-4668-BE54-9A1E7A4F7556}") = "JoinRpg.Services.Email.Test", "src\JoinRpg.Services.Email.Test\JoinRpg.Services.Email.Test.csproj", "{4ED65E28-2C8B-4F72-A19A-241368CC4FB2}"
EndProject
Project("{9A19103F-16F7-4668-BE54-9A1E7A4F7556}") = "JoinRpg.Services.Impl.Test", "src\JoinRpg.Services.Impl.Test\JoinRpg.Services.Impl.Test.csproj", "{D21BDCDE-6A40-4AFC-8D72-E7441E638E17}"
EndProject
Project("{9A19103F-16F7-4668-BE54-9A1E7A4F7556}") = "JoinRpg.Web.XGameApi.Contract", "src\JoinRpg.Web.XGameApi.Contract\JoinRpg.Web.XGameApi.Contract.csproj", "{5EDF70DA-E612-4514-80FF-8F72AAB87DA8}"
EndProject
Project("{9A19103F-16F7-4668-BE54-9A1E7A4F7556}") = "JoinRpg.Common.EmailSending.Impl", "src\JoinRpg.Common.EmailSending.Impl\JoinRpg.Common.EmailSending.Impl.csproj", "{E4D7A0E5-7C93-4D5B-97E1-99F1A6C2300B}"
EndProject
Project("{9A19103F-16F7-4668-BE54-9A1E7A4F7556}") = "JoinRpg.DI", "src\JoinRpg.DI\JoinRpg.DI.csproj", "{5AF87445-9FA0-4176-B937-5D3FC2A31A7E}"
EndProject
Project("{2150E333-8FDC-42A3-9474-1A3956D46DE8}") = "Services", "Services", "{4D578A76-DAE7-463A-9ABE-268E4D8488DA}"
EndProject
Project("{2150E333-8FDC-42A3-9474-1A3956D46DE8}") = "Dal", "Dal", "{B8A1A61E-CD98-49F5-98BA-30B0869576B1}"
EndProject
Project("{2150E333-8FDC-42A3-9474-1A3956D46DE8}") = "Common", "Common", "{7645AC35-A68C-40EF-8AAD-1BF62D822E4C}"
EndProject
Project("{9A19103F-16F7-4668-BE54-9A1E7A4F7556}") = "JoinRpg.WebPortal.Models", "src\JoinRpg.WebPortal.Models\JoinRpg.WebPortal.Models.csproj", "{232A3943-E85F-47AB-8FDB-B50BD8971738}"
EndProject
Project("{2150E333-8FDC-42A3-9474-1A3956D46DE8}") = "WebPortalShared", "WebPortalShared", "{B3BB8906-62C8-44A0-822C-566A144C05AE}"
EndProject
Project("{9A19103F-16F7-4668-BE54-9A1E7A4F7556}") = "JoinRpg.WebPortal.Managers", "src\JoinRpg.WebPortal.Managers\JoinRpg.WebPortal.Managers.csproj", "{A5275764-EB9F-49DA-9FEC-5BD8E67D758F}"
EndProject
Project("{9A19103F-16F7-4668-BE54-9A1E7A4F7556}") = "JoinRpg.Interfaces", "src\JoinRpg.Interfaces\JoinRpg.Interfaces.csproj", "{0E74D1CF-2383-47B5-B95E-43FBDDFF0B12}"
EndProject
Project("{9A19103F-16F7-4668-BE54-9A1E7A4F7556}") = "PscbApi", "src\PscbApi\PscbApi.csproj", "{0453A789-D5AF-4E74-BE0B-9593AE524E6D}"
EndProject
Project("{9A19103F-16F7-4668-BE54-9A1E7A4F7556}") = "JoinRpg.WebPortal.Models.Test", "src\JoinRpg.WebPortal.Models.Test\JoinRpg.WebPortal.Models.Test.csproj", "{95951EFE-AE2B-48FD-87ED-FF0FFA90935C}"
EndProject
Project("{9A19103F-16F7-4668-BE54-9A1E7A4F7556}") = "JoinRpg.Portal", "src\JoinRpg.Portal\JoinRpg.Portal.csproj", "{BF0B9903-B260-4FBF-889F-00F93CF16D1F}"
EndProject
Project("{9A19103F-16F7-4668-BE54-9A1E7A4F7556}") = "JoinRpg.Portal.Test", "src\JoinRpg.Portal.Test\JoinRpg.Portal.Test.csproj", "{78FC0625-A66C-4152-8BE2-FEAE45F161D8}"
EndProject
Project("{9A19103F-16F7-4668-BE54-9A1E7A4F7556}") = "JoinRpg.IntegrationTest", "src\JoinRpg.IntegrationTests\JoinRpg.IntegrationTest.csproj", "{17FBA40C-1B31-4575-A4EC-27D40F65D63A}"
EndProject
Project("{9A19103F-16F7-4668-BE54-9A1E7A4F7556}") = "Joinrpg.Dal.Migrate", "src\Joinrpg.Dal.Migrate\Joinrpg.Dal.Migrate.csproj", "{AC09C4CB-0D6C-4301-A4BF-8129A9881BE5}"
EndProject
Project("{9A19103F-16F7-4668-BE54-9A1E7A4F7556}") = "JoinRpg.PrimitiveTypes", "src\JoinRpg.PrimitiveTypes\JoinRpg.PrimitiveTypes.csproj", "{3623C97E-251A-4233-A359-18F76F9598C8}"
EndProject
Project("{9A19103F-16F7-4668-BE54-9A1E7A4F7556}") = "JoinRpg.BlobStorage", "src\JoinRpg.BlobStorage\JoinRpg.BlobStorage.csproj", "{9F846CF9-3FB8-4164-9BEA-08DE68B239AD}"
EndProject
Project("{9A19103F-16F7-4668-BE54-9A1E7A4F7556}") = "JoinRpg.WebComponents", "src\JoinRpg.WebComponents\JoinRpg.WebComponents.csproj", "{80AF606D-0576-480E-8D2E-AE736C2EE73C}"
EndProject
Project("{9A19103F-16F7-4668-BE54-9A1E7A4F7556}") = "JoinRpg.Blazor.Client", "src\JoinRpg.Blazor.Client\JoinRpg.Blazor.Client.csproj", "{6AC09F90-6D3C-46A3-AD9B-3C77FC125D4A}"
EndProject
Project("{9A19103F-16F7-4668-BE54-9A1E7A4F7556}") = "JoinRpg.Web.CharacterGroups", "src\JoinRpg.Web.CharacterGroups\JoinRpg.Web.CharacterGroups.csproj", "{EF419FBC-02E8-4522-82FC-D139E6B587D2}"
EndProject
Project("{9A19103F-16F7-4668-BE54-9A1E7A4F7556}") = "JoinRpg.Blazor.ComponentBook", "src\JoinRpg.Blazor.ComponentBook\JoinRpg.Blazor.ComponentBook.csproj", "{056747C0-A711-4E85-9073-E78A6FF7DBCD}"
EndProject
Project("{9A19103F-16F7-4668-BE54-9A1E7A4F7556}") = "JoinRpg.Web.CheckIn", "src\JoinRpg.Web.CheckIn\JoinRpg.Web.CheckIn.csproj", "{8D57D69C-303D-4A7B-8D7A-D6FDBB2BCEF7}"
EndProject
Project("{9A19103F-16F7-4668-BE54-9A1E7A4F7556}") = "JoinRpg.Dal.DataProtection", "src\JoinRpg.Dal.DataProtection\JoinRpg.Dal.DataProtection.csproj", "{0E2CFCD8-2F27-46B5-96DB-017C80769F60}"
EndProject
Project("{9A19103F-16F7-4668-BE54-9A1E7A4F7556}") = "Joinrpg.AspNetCore.Helpers", "src\Joinrpg.AspNetCore.Helpers\Joinrpg.AspNetCore.Helpers.csproj", "{F8131AC4-6771-47C6-9818-35C7EB4FBEF2}"
EndProject
Project("{9A19103F-16F7-4668-BE54-9A1E7A4F7556}") = "JoinRpg.Markdown", "src\JoinRpg.Markdown\JoinRpg.Markdown.csproj", "{81B84432-99DD-443C-81F4-D8136B0ECED5}"
EndProject
Project("{9A19103F-16F7-4668-BE54-9A1E7A4F7556}") = "Joinrpg.Web.Identity", "src\Joinrpg.Web.Identity\Joinrpg.Web.Identity.csproj", "{98D09B9E-81F7-4FC2-BC6B-DC64B5E5EA1C}"
EndProject
Project("{9A19103F-16F7-4668-BE54-9A1E7A4F7556}") = "JoinRpg.Web.ProjectMasterTools", "src\JoinRpg.Web.ProjectMasterTools\JoinRpg.Web.ProjectMasterTools.csproj", "{3194ACF2-4BE3-4CE7-A027-EFDAF2816A4F}"
EndProject
Project("{9A19103F-16F7-4668-BE54-9A1E7A4F7556}") = "JoinRpg.Web.ProjectCommon", "src\JoinRpg.Web.ProjectCommon\JoinRpg.Web.ProjectCommon.csproj", "{0C7DEE5D-37AE-4C44-8215-EA8D373032CB}"
EndProject
Global
	GlobalSection(SolutionConfigurationPlatforms) = preSolution
		Debug|Any CPU = Debug|Any CPU
		Release|Any CPU = Release|Any CPU
	EndGlobalSection
	GlobalSection(ProjectConfigurationPlatforms) = postSolution
		{BD1358F0-8C7B-4205-84BC-B1C954364DF0}.Debug|Any CPU.ActiveCfg = Debug|Any CPU
		{BD1358F0-8C7B-4205-84BC-B1C954364DF0}.Debug|Any CPU.Build.0 = Debug|Any CPU
		{BD1358F0-8C7B-4205-84BC-B1C954364DF0}.Release|Any CPU.ActiveCfg = Release|Any CPU
		{BD1358F0-8C7B-4205-84BC-B1C954364DF0}.Release|Any CPU.Build.0 = Release|Any CPU
		{2FDC4A55-3A3D-445B-9916-2F3ED898168B}.Debug|Any CPU.ActiveCfg = Debug|Any CPU
		{2FDC4A55-3A3D-445B-9916-2F3ED898168B}.Debug|Any CPU.Build.0 = Debug|Any CPU
		{2FDC4A55-3A3D-445B-9916-2F3ED898168B}.Release|Any CPU.ActiveCfg = Release|Any CPU
		{2FDC4A55-3A3D-445B-9916-2F3ED898168B}.Release|Any CPU.Build.0 = Release|Any CPU
		{7032C5D8-131D-4E84-ADF4-263399F9626A}.Debug|Any CPU.ActiveCfg = Debug|Any CPU
		{7032C5D8-131D-4E84-ADF4-263399F9626A}.Debug|Any CPU.Build.0 = Debug|Any CPU
		{7032C5D8-131D-4E84-ADF4-263399F9626A}.Release|Any CPU.ActiveCfg = Release|Any CPU
		{7032C5D8-131D-4E84-ADF4-263399F9626A}.Release|Any CPU.Build.0 = Release|Any CPU
		{633AFDDE-92F4-4630-B971-EA5A4E14D0CA}.Debug|Any CPU.ActiveCfg = Debug|Any CPU
		{633AFDDE-92F4-4630-B971-EA5A4E14D0CA}.Debug|Any CPU.Build.0 = Debug|Any CPU
		{633AFDDE-92F4-4630-B971-EA5A4E14D0CA}.Release|Any CPU.ActiveCfg = Release|Any CPU
		{633AFDDE-92F4-4630-B971-EA5A4E14D0CA}.Release|Any CPU.Build.0 = Release|Any CPU
		{835EB33A-F3D1-49C7-9C85-1F5F2387A052}.Debug|Any CPU.ActiveCfg = Debug|Any CPU
		{835EB33A-F3D1-49C7-9C85-1F5F2387A052}.Debug|Any CPU.Build.0 = Debug|Any CPU
		{835EB33A-F3D1-49C7-9C85-1F5F2387A052}.Release|Any CPU.ActiveCfg = Release|Any CPU
		{835EB33A-F3D1-49C7-9C85-1F5F2387A052}.Release|Any CPU.Build.0 = Release|Any CPU
		{FEE778A6-B9E7-4305-B985-3C4FA5F1B1D8}.Debug|Any CPU.ActiveCfg = Debug|Any CPU
		{FEE778A6-B9E7-4305-B985-3C4FA5F1B1D8}.Debug|Any CPU.Build.0 = Debug|Any CPU
		{FEE778A6-B9E7-4305-B985-3C4FA5F1B1D8}.Release|Any CPU.ActiveCfg = Release|Any CPU
		{FEE778A6-B9E7-4305-B985-3C4FA5F1B1D8}.Release|Any CPU.Build.0 = Release|Any CPU
		{011FE918-5653-4A6D-BF65-BB0E01DD74AC}.Debug|Any CPU.ActiveCfg = Debug|Any CPU
		{011FE918-5653-4A6D-BF65-BB0E01DD74AC}.Debug|Any CPU.Build.0 = Debug|Any CPU
		{011FE918-5653-4A6D-BF65-BB0E01DD74AC}.Release|Any CPU.ActiveCfg = Release|Any CPU
		{011FE918-5653-4A6D-BF65-BB0E01DD74AC}.Release|Any CPU.Build.0 = Release|Any CPU
		{4C917F4E-977F-4B8D-B9B1-9A92854E83BF}.Debug|Any CPU.ActiveCfg = Debug|Any CPU
		{4C917F4E-977F-4B8D-B9B1-9A92854E83BF}.Debug|Any CPU.Build.0 = Debug|Any CPU
		{4C917F4E-977F-4B8D-B9B1-9A92854E83BF}.Release|Any CPU.ActiveCfg = Release|Any CPU
		{4C917F4E-977F-4B8D-B9B1-9A92854E83BF}.Release|Any CPU.Build.0 = Release|Any CPU
		{7B8DB01F-423B-4BC9-9336-50D772F34F82}.Debug|Any CPU.ActiveCfg = Debug|Any CPU
		{7B8DB01F-423B-4BC9-9336-50D772F34F82}.Debug|Any CPU.Build.0 = Debug|Any CPU
		{7B8DB01F-423B-4BC9-9336-50D772F34F82}.Release|Any CPU.ActiveCfg = Release|Any CPU
		{7B8DB01F-423B-4BC9-9336-50D772F34F82}.Release|Any CPU.Build.0 = Release|Any CPU
		{2C54153D-EB05-4A29-9163-C559628CFD7E}.Debug|Any CPU.ActiveCfg = Debug|Any CPU
		{2C54153D-EB05-4A29-9163-C559628CFD7E}.Debug|Any CPU.Build.0 = Debug|Any CPU
		{2C54153D-EB05-4A29-9163-C559628CFD7E}.Release|Any CPU.ActiveCfg = Release|Any CPU
		{2C54153D-EB05-4A29-9163-C559628CFD7E}.Release|Any CPU.Build.0 = Release|Any CPU
		{1DA9ABCA-67FE-4E37-B97D-7A5CCC5CDB46}.Debug|Any CPU.ActiveCfg = Debug|Any CPU
		{1DA9ABCA-67FE-4E37-B97D-7A5CCC5CDB46}.Debug|Any CPU.Build.0 = Debug|Any CPU
		{1DA9ABCA-67FE-4E37-B97D-7A5CCC5CDB46}.Release|Any CPU.ActiveCfg = Release|Any CPU
		{1DA9ABCA-67FE-4E37-B97D-7A5CCC5CDB46}.Release|Any CPU.Build.0 = Release|Any CPU
		{195112ED-B687-48D2-ADA6-2F27294EA645}.Debug|Any CPU.ActiveCfg = Debug|Any CPU
		{195112ED-B687-48D2-ADA6-2F27294EA645}.Debug|Any CPU.Build.0 = Debug|Any CPU
		{195112ED-B687-48D2-ADA6-2F27294EA645}.Release|Any CPU.ActiveCfg = Release|Any CPU
		{195112ED-B687-48D2-ADA6-2F27294EA645}.Release|Any CPU.Build.0 = Release|Any CPU
		{81185840-6DA0-440B-813A-E32D6CCAD34E}.Debug|Any CPU.ActiveCfg = Debug|Any CPU
		{81185840-6DA0-440B-813A-E32D6CCAD34E}.Debug|Any CPU.Build.0 = Debug|Any CPU
		{81185840-6DA0-440B-813A-E32D6CCAD34E}.Release|Any CPU.ActiveCfg = Release|Any CPU
		{81185840-6DA0-440B-813A-E32D6CCAD34E}.Release|Any CPU.Build.0 = Release|Any CPU
		{0DEAC762-ABEF-4AE8-AC2E-5B697171E703}.Debug|Any CPU.ActiveCfg = Debug|Any CPU
		{0DEAC762-ABEF-4AE8-AC2E-5B697171E703}.Debug|Any CPU.Build.0 = Debug|Any CPU
		{0DEAC762-ABEF-4AE8-AC2E-5B697171E703}.Release|Any CPU.ActiveCfg = Release|Any CPU
		{0DEAC762-ABEF-4AE8-AC2E-5B697171E703}.Release|Any CPU.Build.0 = Release|Any CPU
		{DFE0D0A8-980E-49A1-9D9F-C7866FAF4C05}.Debug|Any CPU.ActiveCfg = Debug|Any CPU
		{DFE0D0A8-980E-49A1-9D9F-C7866FAF4C05}.Debug|Any CPU.Build.0 = Debug|Any CPU
		{DFE0D0A8-980E-49A1-9D9F-C7866FAF4C05}.Release|Any CPU.ActiveCfg = Release|Any CPU
		{DFE0D0A8-980E-49A1-9D9F-C7866FAF4C05}.Release|Any CPU.Build.0 = Release|Any CPU
		{6B134A2C-84BF-445E-B5FC-0451E3C432CE}.Debug|Any CPU.ActiveCfg = Debug|Any CPU
		{6B134A2C-84BF-445E-B5FC-0451E3C432CE}.Debug|Any CPU.Build.0 = Debug|Any CPU
		{6B134A2C-84BF-445E-B5FC-0451E3C432CE}.Release|Any CPU.ActiveCfg = Release|Any CPU
		{6B134A2C-84BF-445E-B5FC-0451E3C432CE}.Release|Any CPU.Build.0 = Release|Any CPU
		{138594D3-38DF-4025-B5B5-1049D686CC29}.Debug|Any CPU.ActiveCfg = Debug|Any CPU
		{138594D3-38DF-4025-B5B5-1049D686CC29}.Debug|Any CPU.Build.0 = Debug|Any CPU
		{138594D3-38DF-4025-B5B5-1049D686CC29}.Release|Any CPU.ActiveCfg = Release|Any CPU
		{138594D3-38DF-4025-B5B5-1049D686CC29}.Release|Any CPU.Build.0 = Release|Any CPU
		{F17A0823-4C0A-40C3-818F-A593FB6ADBEC}.Debug|Any CPU.ActiveCfg = Debug|Any CPU
		{F17A0823-4C0A-40C3-818F-A593FB6ADBEC}.Debug|Any CPU.Build.0 = Debug|Any CPU
		{F17A0823-4C0A-40C3-818F-A593FB6ADBEC}.Release|Any CPU.ActiveCfg = Release|Any CPU
		{F17A0823-4C0A-40C3-818F-A593FB6ADBEC}.Release|Any CPU.Build.0 = Release|Any CPU
		{87AC11E6-9C66-468A-AC68-927D61D1E233}.Debug|Any CPU.ActiveCfg = Debug|Any CPU
		{87AC11E6-9C66-468A-AC68-927D61D1E233}.Debug|Any CPU.Build.0 = Debug|Any CPU
		{87AC11E6-9C66-468A-AC68-927D61D1E233}.Release|Any CPU.ActiveCfg = Release|Any CPU
		{87AC11E6-9C66-468A-AC68-927D61D1E233}.Release|Any CPU.Build.0 = Release|Any CPU
		{4ED65E28-2C8B-4F72-A19A-241368CC4FB2}.Debug|Any CPU.ActiveCfg = Debug|Any CPU
		{4ED65E28-2C8B-4F72-A19A-241368CC4FB2}.Debug|Any CPU.Build.0 = Debug|Any CPU
		{4ED65E28-2C8B-4F72-A19A-241368CC4FB2}.Release|Any CPU.ActiveCfg = Release|Any CPU
		{4ED65E28-2C8B-4F72-A19A-241368CC4FB2}.Release|Any CPU.Build.0 = Release|Any CPU
		{D21BDCDE-6A40-4AFC-8D72-E7441E638E17}.Debug|Any CPU.ActiveCfg = Debug|Any CPU
		{D21BDCDE-6A40-4AFC-8D72-E7441E638E17}.Debug|Any CPU.Build.0 = Debug|Any CPU
		{D21BDCDE-6A40-4AFC-8D72-E7441E638E17}.Release|Any CPU.ActiveCfg = Release|Any CPU
		{D21BDCDE-6A40-4AFC-8D72-E7441E638E17}.Release|Any CPU.Build.0 = Release|Any CPU
		{5EDF70DA-E612-4514-80FF-8F72AAB87DA8}.Debug|Any CPU.ActiveCfg = Debug|Any CPU
		{5EDF70DA-E612-4514-80FF-8F72AAB87DA8}.Debug|Any CPU.Build.0 = Debug|Any CPU
		{5EDF70DA-E612-4514-80FF-8F72AAB87DA8}.Release|Any CPU.ActiveCfg = Release|Any CPU
		{5EDF70DA-E612-4514-80FF-8F72AAB87DA8}.Release|Any CPU.Build.0 = Release|Any CPU
		{E4D7A0E5-7C93-4D5B-97E1-99F1A6C2300B}.Debug|Any CPU.ActiveCfg = Debug|Any CPU
		{E4D7A0E5-7C93-4D5B-97E1-99F1A6C2300B}.Debug|Any CPU.Build.0 = Debug|Any CPU
		{E4D7A0E5-7C93-4D5B-97E1-99F1A6C2300B}.Release|Any CPU.ActiveCfg = Release|Any CPU
		{E4D7A0E5-7C93-4D5B-97E1-99F1A6C2300B}.Release|Any CPU.Build.0 = Release|Any CPU
		{5AF87445-9FA0-4176-B937-5D3FC2A31A7E}.Debug|Any CPU.ActiveCfg = Debug|Any CPU
		{5AF87445-9FA0-4176-B937-5D3FC2A31A7E}.Debug|Any CPU.Build.0 = Debug|Any CPU
		{5AF87445-9FA0-4176-B937-5D3FC2A31A7E}.Release|Any CPU.ActiveCfg = Release|Any CPU
		{5AF87445-9FA0-4176-B937-5D3FC2A31A7E}.Release|Any CPU.Build.0 = Release|Any CPU
		{232A3943-E85F-47AB-8FDB-B50BD8971738}.Debug|Any CPU.ActiveCfg = Debug|Any CPU
		{232A3943-E85F-47AB-8FDB-B50BD8971738}.Debug|Any CPU.Build.0 = Debug|Any CPU
		{232A3943-E85F-47AB-8FDB-B50BD8971738}.Release|Any CPU.ActiveCfg = Release|Any CPU
		{232A3943-E85F-47AB-8FDB-B50BD8971738}.Release|Any CPU.Build.0 = Release|Any CPU
		{A5275764-EB9F-49DA-9FEC-5BD8E67D758F}.Debug|Any CPU.ActiveCfg = Debug|Any CPU
		{A5275764-EB9F-49DA-9FEC-5BD8E67D758F}.Debug|Any CPU.Build.0 = Debug|Any CPU
		{A5275764-EB9F-49DA-9FEC-5BD8E67D758F}.Release|Any CPU.ActiveCfg = Release|Any CPU
		{A5275764-EB9F-49DA-9FEC-5BD8E67D758F}.Release|Any CPU.Build.0 = Release|Any CPU
		{0E74D1CF-2383-47B5-B95E-43FBDDFF0B12}.Debug|Any CPU.ActiveCfg = Debug|Any CPU
		{0E74D1CF-2383-47B5-B95E-43FBDDFF0B12}.Debug|Any CPU.Build.0 = Debug|Any CPU
		{0E74D1CF-2383-47B5-B95E-43FBDDFF0B12}.Release|Any CPU.ActiveCfg = Release|Any CPU
		{0E74D1CF-2383-47B5-B95E-43FBDDFF0B12}.Release|Any CPU.Build.0 = Release|Any CPU
		{0453A789-D5AF-4E74-BE0B-9593AE524E6D}.Debug|Any CPU.ActiveCfg = Debug|Any CPU
		{0453A789-D5AF-4E74-BE0B-9593AE524E6D}.Debug|Any CPU.Build.0 = Debug|Any CPU
		{0453A789-D5AF-4E74-BE0B-9593AE524E6D}.Release|Any CPU.ActiveCfg = Release|Any CPU
		{0453A789-D5AF-4E74-BE0B-9593AE524E6D}.Release|Any CPU.Build.0 = Release|Any CPU
		{95951EFE-AE2B-48FD-87ED-FF0FFA90935C}.Debug|Any CPU.ActiveCfg = Debug|Any CPU
		{95951EFE-AE2B-48FD-87ED-FF0FFA90935C}.Debug|Any CPU.Build.0 = Debug|Any CPU
		{95951EFE-AE2B-48FD-87ED-FF0FFA90935C}.Release|Any CPU.ActiveCfg = Release|Any CPU
		{95951EFE-AE2B-48FD-87ED-FF0FFA90935C}.Release|Any CPU.Build.0 = Release|Any CPU
		{BF0B9903-B260-4FBF-889F-00F93CF16D1F}.Debug|Any CPU.ActiveCfg = Debug|Any CPU
		{BF0B9903-B260-4FBF-889F-00F93CF16D1F}.Debug|Any CPU.Build.0 = Debug|Any CPU
		{BF0B9903-B260-4FBF-889F-00F93CF16D1F}.Release|Any CPU.ActiveCfg = Release|Any CPU
		{BF0B9903-B260-4FBF-889F-00F93CF16D1F}.Release|Any CPU.Build.0 = Release|Any CPU
		{78FC0625-A66C-4152-8BE2-FEAE45F161D8}.Debug|Any CPU.ActiveCfg = Debug|Any CPU
		{78FC0625-A66C-4152-8BE2-FEAE45F161D8}.Debug|Any CPU.Build.0 = Debug|Any CPU
		{78FC0625-A66C-4152-8BE2-FEAE45F161D8}.Release|Any CPU.ActiveCfg = Release|Any CPU
		{78FC0625-A66C-4152-8BE2-FEAE45F161D8}.Release|Any CPU.Build.0 = Release|Any CPU
		{17FBA40C-1B31-4575-A4EC-27D40F65D63A}.Debug|Any CPU.ActiveCfg = Debug|Any CPU
		{17FBA40C-1B31-4575-A4EC-27D40F65D63A}.Debug|Any CPU.Build.0 = Debug|Any CPU
		{17FBA40C-1B31-4575-A4EC-27D40F65D63A}.Release|Any CPU.ActiveCfg = Release|Any CPU
		{17FBA40C-1B31-4575-A4EC-27D40F65D63A}.Release|Any CPU.Build.0 = Release|Any CPU
		{AC09C4CB-0D6C-4301-A4BF-8129A9881BE5}.Debug|Any CPU.ActiveCfg = Debug|Any CPU
		{AC09C4CB-0D6C-4301-A4BF-8129A9881BE5}.Debug|Any CPU.Build.0 = Debug|Any CPU
		{AC09C4CB-0D6C-4301-A4BF-8129A9881BE5}.Release|Any CPU.ActiveCfg = Release|Any CPU
		{AC09C4CB-0D6C-4301-A4BF-8129A9881BE5}.Release|Any CPU.Build.0 = Release|Any CPU
		{3623C97E-251A-4233-A359-18F76F9598C8}.Debug|Any CPU.ActiveCfg = Debug|Any CPU
		{3623C97E-251A-4233-A359-18F76F9598C8}.Debug|Any CPU.Build.0 = Debug|Any CPU
		{3623C97E-251A-4233-A359-18F76F9598C8}.Release|Any CPU.ActiveCfg = Release|Any CPU
		{3623C97E-251A-4233-A359-18F76F9598C8}.Release|Any CPU.Build.0 = Release|Any CPU
		{9F846CF9-3FB8-4164-9BEA-08DE68B239AD}.Debug|Any CPU.ActiveCfg = Debug|Any CPU
		{9F846CF9-3FB8-4164-9BEA-08DE68B239AD}.Debug|Any CPU.Build.0 = Debug|Any CPU
		{9F846CF9-3FB8-4164-9BEA-08DE68B239AD}.Release|Any CPU.ActiveCfg = Release|Any CPU
		{9F846CF9-3FB8-4164-9BEA-08DE68B239AD}.Release|Any CPU.Build.0 = Release|Any CPU
		{80AF606D-0576-480E-8D2E-AE736C2EE73C}.Debug|Any CPU.ActiveCfg = Debug|Any CPU
		{80AF606D-0576-480E-8D2E-AE736C2EE73C}.Debug|Any CPU.Build.0 = Debug|Any CPU
		{80AF606D-0576-480E-8D2E-AE736C2EE73C}.Release|Any CPU.ActiveCfg = Release|Any CPU
		{80AF606D-0576-480E-8D2E-AE736C2EE73C}.Release|Any CPU.Build.0 = Release|Any CPU
		{6AC09F90-6D3C-46A3-AD9B-3C77FC125D4A}.Debug|Any CPU.ActiveCfg = Debug|Any CPU
		{6AC09F90-6D3C-46A3-AD9B-3C77FC125D4A}.Debug|Any CPU.Build.0 = Debug|Any CPU
		{6AC09F90-6D3C-46A3-AD9B-3C77FC125D4A}.Release|Any CPU.ActiveCfg = Release|Any CPU
		{6AC09F90-6D3C-46A3-AD9B-3C77FC125D4A}.Release|Any CPU.Build.0 = Release|Any CPU
		{EF419FBC-02E8-4522-82FC-D139E6B587D2}.Debug|Any CPU.ActiveCfg = Debug|Any CPU
		{EF419FBC-02E8-4522-82FC-D139E6B587D2}.Debug|Any CPU.Build.0 = Debug|Any CPU
		{EF419FBC-02E8-4522-82FC-D139E6B587D2}.Release|Any CPU.ActiveCfg = Release|Any CPU
		{EF419FBC-02E8-4522-82FC-D139E6B587D2}.Release|Any CPU.Build.0 = Release|Any CPU
		{056747C0-A711-4E85-9073-E78A6FF7DBCD}.Debug|Any CPU.ActiveCfg = Debug|Any CPU
		{056747C0-A711-4E85-9073-E78A6FF7DBCD}.Debug|Any CPU.Build.0 = Debug|Any CPU
		{056747C0-A711-4E85-9073-E78A6FF7DBCD}.Release|Any CPU.ActiveCfg = Release|Any CPU
		{056747C0-A711-4E85-9073-E78A6FF7DBCD}.Release|Any CPU.Build.0 = Release|Any CPU
		{8D57D69C-303D-4A7B-8D7A-D6FDBB2BCEF7}.Debug|Any CPU.ActiveCfg = Debug|Any CPU
		{8D57D69C-303D-4A7B-8D7A-D6FDBB2BCEF7}.Debug|Any CPU.Build.0 = Debug|Any CPU
		{8D57D69C-303D-4A7B-8D7A-D6FDBB2BCEF7}.Release|Any CPU.ActiveCfg = Release|Any CPU
		{8D57D69C-303D-4A7B-8D7A-D6FDBB2BCEF7}.Release|Any CPU.Build.0 = Release|Any CPU
		{0E2CFCD8-2F27-46B5-96DB-017C80769F60}.Debug|Any CPU.ActiveCfg = Debug|Any CPU
		{0E2CFCD8-2F27-46B5-96DB-017C80769F60}.Debug|Any CPU.Build.0 = Debug|Any CPU
		{0E2CFCD8-2F27-46B5-96DB-017C80769F60}.Release|Any CPU.ActiveCfg = Release|Any CPU
		{0E2CFCD8-2F27-46B5-96DB-017C80769F60}.Release|Any CPU.Build.0 = Release|Any CPU
		{F8131AC4-6771-47C6-9818-35C7EB4FBEF2}.Debug|Any CPU.ActiveCfg = Debug|Any CPU
		{F8131AC4-6771-47C6-9818-35C7EB4FBEF2}.Debug|Any CPU.Build.0 = Debug|Any CPU
		{F8131AC4-6771-47C6-9818-35C7EB4FBEF2}.Release|Any CPU.ActiveCfg = Release|Any CPU
		{F8131AC4-6771-47C6-9818-35C7EB4FBEF2}.Release|Any CPU.Build.0 = Release|Any CPU
		{81B84432-99DD-443C-81F4-D8136B0ECED5}.Debug|Any CPU.ActiveCfg = Debug|Any CPU
		{81B84432-99DD-443C-81F4-D8136B0ECED5}.Debug|Any CPU.Build.0 = Debug|Any CPU
		{81B84432-99DD-443C-81F4-D8136B0ECED5}.Release|Any CPU.ActiveCfg = Release|Any CPU
		{81B84432-99DD-443C-81F4-D8136B0ECED5}.Release|Any CPU.Build.0 = Release|Any CPU
		{98D09B9E-81F7-4FC2-BC6B-DC64B5E5EA1C}.Debug|Any CPU.ActiveCfg = Debug|Any CPU
		{98D09B9E-81F7-4FC2-BC6B-DC64B5E5EA1C}.Debug|Any CPU.Build.0 = Debug|Any CPU
		{98D09B9E-81F7-4FC2-BC6B-DC64B5E5EA1C}.Release|Any CPU.ActiveCfg = Release|Any CPU
		{98D09B9E-81F7-4FC2-BC6B-DC64B5E5EA1C}.Release|Any CPU.Build.0 = Release|Any CPU
		{0C7DEE5D-37AE-4C44-8215-EA8D373032CB}.Debug|Any CPU.ActiveCfg = Debug|Any CPU
		{0C7DEE5D-37AE-4C44-8215-EA8D373032CB}.Debug|Any CPU.Build.0 = Debug|Any CPU
		{0C7DEE5D-37AE-4C44-8215-EA8D373032CB}.Release|Any CPU.ActiveCfg = Release|Any CPU
		{0C7DEE5D-37AE-4C44-8215-EA8D373032CB}.Release|Any CPU.Build.0 = Release|Any CPU
		{3194ACF2-4BE3-4CE7-A027-EFDAF2816A4F}.Debug|Any CPU.ActiveCfg = Debug|Any CPU
		{3194ACF2-4BE3-4CE7-A027-EFDAF2816A4F}.Debug|Any CPU.Build.0 = Debug|Any CPU
		{3194ACF2-4BE3-4CE7-A027-EFDAF2816A4F}.Release|Any CPU.ActiveCfg = Release|Any CPU
		{3194ACF2-4BE3-4CE7-A027-EFDAF2816A4F}.Release|Any CPU.Build.0 = Release|Any CPU
	EndGlobalSection
	GlobalSection(SolutionProperties) = preSolution
		HideSolutionNode = FALSE
	EndGlobalSection
	GlobalSection(NestedProjects) = preSolution
		{2FDC4A55-3A3D-445B-9916-2F3ED898168B} = {B8A1A61E-CD98-49F5-98BA-30B0869576B1}
		{7032C5D8-131D-4E84-ADF4-263399F9626A} = {4D578A76-DAE7-463A-9ABE-268E4D8488DA}
		{633AFDDE-92F4-4630-B971-EA5A4E14D0CA} = {B8A1A61E-CD98-49F5-98BA-30B0869576B1}
		{835EB33A-F3D1-49C7-9C85-1F5F2387A052} = {4D578A76-DAE7-463A-9ABE-268E4D8488DA}
		{011FE918-5653-4A6D-BF65-BB0E01DD74AC} = {7645AC35-A68C-40EF-8AAD-1BF62D822E4C}
		{4C917F4E-977F-4B8D-B9B1-9A92854E83BF} = {4D578A76-DAE7-463A-9ABE-268E4D8488DA}
		{7B8DB01F-423B-4BC9-9336-50D772F34F82} = {8BB208B6-13CD-4942-B3AC-037BDF858727}
		{2C54153D-EB05-4A29-9163-C559628CFD7E} = {8BB208B6-13CD-4942-B3AC-037BDF858727}
		{1DA9ABCA-67FE-4E37-B97D-7A5CCC5CDB46} = {B8A1A61E-CD98-49F5-98BA-30B0869576B1}
		{195112ED-B687-48D2-ADA6-2F27294EA645} = {4D578A76-DAE7-463A-9ABE-268E4D8488DA}
		{0DEAC762-ABEF-4AE8-AC2E-5B697171E703} = {8BB208B6-13CD-4942-B3AC-037BDF858727}
		{DFE0D0A8-980E-49A1-9D9F-C7866FAF4C05} = {7645AC35-A68C-40EF-8AAD-1BF62D822E4C}
		{6B134A2C-84BF-445E-B5FC-0451E3C432CE} = {8BB208B6-13CD-4942-B3AC-037BDF858727}
		{138594D3-38DF-4025-B5B5-1049D686CC29} = {8BB208B6-13CD-4942-B3AC-037BDF858727}
		{F17A0823-4C0A-40C3-818F-A593FB6ADBEC} = {8BB208B6-13CD-4942-B3AC-037BDF858727}
		{87AC11E6-9C66-468A-AC68-927D61D1E233} = {8BB208B6-13CD-4942-B3AC-037BDF858727}
		{4ED65E28-2C8B-4F72-A19A-241368CC4FB2} = {8BB208B6-13CD-4942-B3AC-037BDF858727}
		{D21BDCDE-6A40-4AFC-8D72-E7441E638E17} = {8BB208B6-13CD-4942-B3AC-037BDF858727}
		{5EDF70DA-E612-4514-80FF-8F72AAB87DA8} = {B3BB8906-62C8-44A0-822C-566A144C05AE}
		{E4D7A0E5-7C93-4D5B-97E1-99F1A6C2300B} = {7645AC35-A68C-40EF-8AAD-1BF62D822E4C}
		{232A3943-E85F-47AB-8FDB-B50BD8971738} = {B3BB8906-62C8-44A0-822C-566A144C05AE}
		{A5275764-EB9F-49DA-9FEC-5BD8E67D758F} = {B3BB8906-62C8-44A0-822C-566A144C05AE}
		{0453A789-D5AF-4E74-BE0B-9593AE524E6D} = {4D578A76-DAE7-463A-9ABE-268E4D8488DA}
		{95951EFE-AE2B-48FD-87ED-FF0FFA90935C} = {8BB208B6-13CD-4942-B3AC-037BDF858727}
		{78FC0625-A66C-4152-8BE2-FEAE45F161D8} = {8BB208B6-13CD-4942-B3AC-037BDF858727}
		{17FBA40C-1B31-4575-A4EC-27D40F65D63A} = {8BB208B6-13CD-4942-B3AC-037BDF858727}
		{AC09C4CB-0D6C-4301-A4BF-8129A9881BE5} = {B8A1A61E-CD98-49F5-98BA-30B0869576B1}
		{3623C97E-251A-4233-A359-18F76F9598C8} = {7645AC35-A68C-40EF-8AAD-1BF62D822E4C}
		{80AF606D-0576-480E-8D2E-AE736C2EE73C} = {B3BB8906-62C8-44A0-822C-566A144C05AE}
		{6AC09F90-6D3C-46A3-AD9B-3C77FC125D4A} = {B3BB8906-62C8-44A0-822C-566A144C05AE}
		{EF419FBC-02E8-4522-82FC-D139E6B587D2} = {B3BB8906-62C8-44A0-822C-566A144C05AE}
		{056747C0-A711-4E85-9073-E78A6FF7DBCD} = {B3BB8906-62C8-44A0-822C-566A144C05AE}
		{8D57D69C-303D-4A7B-8D7A-D6FDBB2BCEF7} = {B3BB8906-62C8-44A0-822C-566A144C05AE}
		{0E2CFCD8-2F27-46B5-96DB-017C80769F60} = {B8A1A61E-CD98-49F5-98BA-30B0869576B1}
		{81B84432-99DD-443C-81F4-D8136B0ECED5} = {7645AC35-A68C-40EF-8AAD-1BF62D822E4C}
		{0C7DEE5D-37AE-4C44-8215-EA8D373032CB} = {B3BB8906-62C8-44A0-822C-566A144C05AE}
		{3194ACF2-4BE3-4CE7-A027-EFDAF2816A4F} = {B3BB8906-62C8-44A0-822C-566A144C05AE}
	EndGlobalSection
	GlobalSection(ExtensibilityGlobals) = postSolution
		SolutionGuid = {1A5E4F92-A0F4-4350-92C7-361C88D58588}
	EndGlobalSection
EndGlobal
