
Microsoft Visual Studio Solution File, Format Version 12.00
# Visual Studio 15
VisualStudioVersion = 15.0.26228.4
MinimumVisualStudioVersion = 10.0.40219.1
Project("{FAE04EC0-301F-11D3-BF4B-00C04F79EFBC}") = "JoinRpg.Web", "Joinrpg\JoinRpg.Web.csproj", "{24952B80-7D38-44DE-B431-BDC9C1E71D63}"
EndProject
Project("{FAE04EC0-301F-11D3-BF4B-00C04F79EFBC}") = "JoinRpg.DataModel", "JoinRpg.DataModel\JoinRpg.DataModel.csproj", "{BD1358F0-8C7B-4205-84BC-B1C954364DF0}"
EndProject
Project("{FAE04EC0-301F-11D3-BF4B-00C04F79EFBC}") = "JoinRpg.Dal.Impl", "JoinRpg.Dal.Impl\JoinRpg.Dal.Impl.csproj", "{2FDC4A55-3A3D-445B-9916-2F3ED898168B}"
EndProject
Project("{FAE04EC0-301F-11D3-BF4B-00C04F79EFBC}") = "JoinRpg.Services.Interfaces", "JoinRpg.Services.Interfaces\JoinRpg.Services.Interfaces.csproj", "{7032C5D8-131D-4E84-ADF4-263399F9626A}"
EndProject
Project("{FAE04EC0-301F-11D3-BF4B-00C04F79EFBC}") = "JoinRpg.Data.Interfaces", "JoinRpg.Data.Interfaces\JoinRpg.Data.Interfaces.csproj", "{633AFDDE-92F4-4630-B971-EA5A4E14D0CA}"
EndProject
Project("{FAE04EC0-301F-11D3-BF4B-00C04F79EFBC}") = "JoinRpg.Services.Impl", "JoinRpg.Services.Impl\JoinRpg.Services.Impl.csproj", "{835EB33A-F3D1-49C7-9C85-1F5F2387A052}"
EndProject
Project("{FAE04EC0-301F-11D3-BF4B-00C04F79EFBC}") = "JoinRpg.Domain", "JoinRpg.Domain\JoinRpg.Domain.csproj", "{FEE778A6-B9E7-4305-B985-3C4FA5F1B1D8}"
EndProject
Project("{FAE04EC0-301F-11D3-BF4B-00C04F79EFBC}") = "JoinRpg.Helpers", "JoinRpg.Helpers\JoinRpg.Helpers.csproj", "{011FE918-5653-4A6D-BF65-BB0E01DD74AC}"
EndProject
Project("{FAE04EC0-301F-11D3-BF4B-00C04F79EFBC}") = "JoinRpg.Services.Email", "JoinRpg.Services.Email\JoinRpg.Services.Email.csproj", "{4C917F4E-977F-4B8D-B9B1-9A92854E83BF}"
EndProject
Project("{FAE04EC0-301F-11D3-BF4B-00C04F79EFBC}") = "JoinRpg.Web.Test", "JoinRpg.Web.Test\JoinRpg.Web.Test.csproj", "{9536D2A6-1378-4467-B914-438573337AC6}"
EndProject
Project("{FAE04EC0-301F-11D3-BF4B-00C04F79EFBC}") = "JoinRpg.TestHelpers", "JoinRpg.TestHelpers\JoinRpg.TestHelpers.csproj", "{7B8DB01F-423B-4BC9-9336-50D772F34F82}"
EndProject
Project("{2150E333-8FDC-42A3-9474-1A3956D46DE8}") = "Tests", "Tests", "{8BB208B6-13CD-4942-B3AC-037BDF858727}"
EndProject
Project("{FAE04EC0-301F-11D3-BF4B-00C04F79EFBC}") = "JoinRpg.Helpers.Test", "JoinRpg.Helpers.Test\JoinRpg.Helpers.Test.csproj", "{2C54153D-EB05-4A29-9163-C559628CFD7E}"
EndProject
Project("{FAE04EC0-301F-11D3-BF4B-00C04F79EFBC}") = "JoinRpg.Data.Write.Interfaces", "JoinRpg.Data.Write.Interfaces\JoinRpg.Data.Write.Interfaces.csproj", "{1DA9ABCA-67FE-4E37-B97D-7A5CCC5CDB46}"
EndProject
Project("{2150E333-8FDC-42A3-9474-1A3956D46DE8}") = "Solution Items", "Solution Items", "{18541948-5966-481B-B755-833AF5A7BC17}"
	ProjectSection(SolutionItems) = preProject
		.editorconfig = .editorconfig
		code_placement.txt = code_placement.txt
	EndProjectSection
EndProject
Project("{FAE04EC0-301F-11D3-BF4B-00C04F79EFBC}") = "JoinRpg.Services.Export", "JoinRpg.Services.Export\JoinRpg.Services.Export.csproj", "{195112ED-B687-48D2-ADA6-2F27294EA645}"
EndProject
Project("{FAE04EC0-301F-11D3-BF4B-00C04F79EFBC}") = "JoinRpg.CommonUI.Models", "JoinRpg.CommonUI.Models\JoinRpg.CommonUI.Models.csproj", "{81185840-6DA0-440B-813A-E32D6CCAD34E}"
EndProject
Project("{FAE04EC0-301F-11D3-BF4B-00C04F79EFBC}") = "JoinRpg.CommonUI.Models.Test", "JoinRpg.CommonUI.Models.Test\JoinRpg.CommonUI.Models.Test.csproj", "{0DEAC762-ABEF-4AE8-AC2E-5B697171E703}"
EndProject
Project("{FAE04EC0-301F-11D3-BF4B-00C04F79EFBC}") = "JoinRpg.Helpers.Web", "JoinRpg.Helpers.Web\JoinRpg.Helpers.Web.csproj", "{DFE0D0A8-980E-49A1-9D9F-C7866FAF4C05}"
EndProject
Project("{FAE04EC0-301F-11D3-BF4B-00C04F79EFBC}") = "JoinRpg.Helpers.Web.Test", "JoinRpg.Helpers.Web.Test\JoinRpg.Helpers.Web.Test.csproj", "{6B134A2C-84BF-445E-B5FC-0451E3C432CE}"
EndProject
Project("{FAE04EC0-301F-11D3-BF4B-00C04F79EFBC}") = "JoinRpg.Experimental.Plugin.Interfaces", "JoinRpg.Experimental.Plugin.Interfaces\JoinRpg.Experimental.Plugin.Interfaces.csproj", "{6C11AE85-E1F7-47B8-8B1A-A9B4D8EDF8F4}"
EndProject
Project("{2150E333-8FDC-42A3-9474-1A3956D46DE8}") = "PluginSupport", "PluginSupport", "{C1858B8D-858C-4EAE-BE10-800CA3A2DE9C}"
EndProject
Project("{FAE04EC0-301F-11D3-BF4B-00C04F79EFBC}") = "JoinRpg.PluginHost.Interfaces", "JoinRpg.PluginHost.Interfaces\JoinRpg.PluginHost.Interfaces.csproj", "{916C67F2-50B1-45DA-B970-222CEE4FC8D8}"
EndProject
Project("{FAE04EC0-301F-11D3-BF4B-00C04F79EFBC}") = "JoinRpg.PluginHost.Impl", "JoinRpg.PluginHost.Impl\JoinRpg.PluginHost.Impl.csproj", "{9819E020-80E9-4AA1-A504-6F6256C1EC01}"
EndProject
Project("{FAE04EC0-301F-11D3-BF4B-00C04F79EFBC}") = "JoinRpg.Experimental.Plugin.HelloWorld", "JoinRpg.Experimental.Plugin.HelloWorld\JoinRpg.Experimental.Plugin.HelloWorld.csproj", "{9F1CFABD-18B1-47CF-8F6B-767F1DE5FEE3}"
EndProject
Project("{FAE04EC0-301F-11D3-BF4B-00C04F79EFBC}") = "JoinRpg.Experimental.Plugin.SteampunkDetective", "JoinRpg.Experimental.Plugin.SteampunkDetective\JoinRpg.Experimental.Plugin.SteampunkDetective.csproj", "{FBF44C48-6861-4662-B808-2C154A5C3CAE}"
EndProject
Project("{FAE04EC0-301F-11D3-BF4B-00C04F79EFBC}") = "Joinrpg.Markdown", "Joinrpg.Markdown\Joinrpg.Markdown.csproj", "{9E52DF40-A040-47C2-91DC-2413270FF9B1}"
EndProject
Project("{FAE04EC0-301F-11D3-BF4B-00C04F79EFBC}") = "JoinRpg.Markdown.Test", "JoinRpg.Markdown.Test\JoinRpg.Markdown.Test.csproj", "{138594D3-38DF-4025-B5B5-1049D686CC29}"
EndProject
Project("{FAE04EC0-301F-11D3-BF4B-00C04F79EFBC}") = "JoinRpg.Domain.Test", "JoinRpg.Domain.Test\JoinRpg.Domain.Test.csproj", "{F17A0823-4C0A-40C3-818F-A593FB6ADBEC}"
EndProject
Project("{FAE04EC0-301F-11D3-BF4B-00C04F79EFBC}") = "JoinRpg.DataModel.Mocks", "JoinRpg.DataModel.Mocks\JoinRpg.DataModel.Mocks.csproj", "{87AC11E6-9C66-468A-AC68-927D61D1E233}"
EndProject
Project("{FAE04EC0-301F-11D3-BF4B-00C04F79EFBC}") = "JoinRpg.Services.Email.Test", "JoinRpg.Services.Email.Test\JoinRpg.Services.Email.Test.csproj", "{4ED65E28-2C8B-4F72-A19A-241368CC4FB2}"
EndProject
Project("{2150E333-8FDC-42A3-9474-1A3956D46DE8}") = "Plugins", "Plugins", "{33A49F7A-878E-4D82-8ECF-59922E247DC6}"
EndProject
Project("{FAE04EC0-301F-11D3-BF4B-00C04F79EFBC}") = "JoinRpg.Experimental.Plugin.PlayerIdCard", "JoinRpg.Experimental.Plugin.PlayerIdCard\JoinRpg.Experimental.Plugin.PlayerIdCard.csproj", "{18686E89-984C-45C8-8D2B-DA9CDFD64E89}"
EndProject
Global
	GlobalSection(SolutionConfigurationPlatforms) = preSolution
		Debug|Any CPU = Debug|Any CPU
		Release|Any CPU = Release|Any CPU
	EndGlobalSection
	GlobalSection(ProjectConfigurationPlatforms) = postSolution
		{24952B80-7D38-44DE-B431-BDC9C1E71D63}.Debug|Any CPU.ActiveCfg = Debug|Any CPU
		{24952B80-7D38-44DE-B431-BDC9C1E71D63}.Debug|Any CPU.Build.0 = Debug|Any CPU
		{24952B80-7D38-44DE-B431-BDC9C1E71D63}.Release|Any CPU.ActiveCfg = Release|Any CPU
		{24952B80-7D38-44DE-B431-BDC9C1E71D63}.Release|Any CPU.Build.0 = Release|Any CPU
		{BD1358F0-8C7B-4205-84BC-B1C954364DF0}.Debug|Any CPU.ActiveCfg = Debug|Any CPU
		{BD1358F0-8C7B-4205-84BC-B1C954364DF0}.Debug|Any CPU.Build.0 = Debug|Any CPU
		{BD1358F0-8C7B-4205-84BC-B1C954364DF0}.Release|Any CPU.ActiveCfg = Release|Any CPU
		{BD1358F0-8C7B-4205-84BC-B1C954364DF0}.Release|Any CPU.Build.0 = Release|Any CPU
		{2FDC4A55-3A3D-445B-9916-2F3ED898168B}.Debug|Any CPU.ActiveCfg = Debug|Any CPU
		{2FDC4A55-3A3D-445B-9916-2F3ED898168B}.Debug|Any CPU.Build.0 = Debug|Any CPU
		{2FDC4A55-3A3D-445B-9916-2F3ED898168B}.Release|Any CPU.ActiveCfg = Release|Any CPU
		{2FDC4A55-3A3D-445B-9916-2F3ED898168B}.Release|Any CPU.Build.0 = Release|Any CPU
		{7032C5D8-131D-4E84-ADF4-263399F9626A}.Debug|Any CPU.ActiveCfg = Debug|Any CPU
		{7032C5D8-131D-4E84-ADF4-263399F9626A}.Debug|Any CPU.Build.0 = Debug|Any CPU
		{7032C5D8-131D-4E84-ADF4-263399F9626A}.Release|Any CPU.ActiveCfg = Release|Any CPU
		{7032C5D8-131D-4E84-ADF4-263399F9626A}.Release|Any CPU.Build.0 = Release|Any CPU
		{633AFDDE-92F4-4630-B971-EA5A4E14D0CA}.Debug|Any CPU.ActiveCfg = Debug|Any CPU
		{633AFDDE-92F4-4630-B971-EA5A4E14D0CA}.Debug|Any CPU.Build.0 = Debug|Any CPU
		{633AFDDE-92F4-4630-B971-EA5A4E14D0CA}.Release|Any CPU.ActiveCfg = Release|Any CPU
		{633AFDDE-92F4-4630-B971-EA5A4E14D0CA}.Release|Any CPU.Build.0 = Release|Any CPU
		{835EB33A-F3D1-49C7-9C85-1F5F2387A052}.Debug|Any CPU.ActiveCfg = Debug|Any CPU
		{835EB33A-F3D1-49C7-9C85-1F5F2387A052}.Debug|Any CPU.Build.0 = Debug|Any CPU
		{835EB33A-F3D1-49C7-9C85-1F5F2387A052}.Release|Any CPU.ActiveCfg = Release|Any CPU
		{835EB33A-F3D1-49C7-9C85-1F5F2387A052}.Release|Any CPU.Build.0 = Release|Any CPU
		{FEE778A6-B9E7-4305-B985-3C4FA5F1B1D8}.Debug|Any CPU.ActiveCfg = Debug|Any CPU
		{FEE778A6-B9E7-4305-B985-3C4FA5F1B1D8}.Debug|Any CPU.Build.0 = Debug|Any CPU
		{FEE778A6-B9E7-4305-B985-3C4FA5F1B1D8}.Release|Any CPU.ActiveCfg = Release|Any CPU
		{FEE778A6-B9E7-4305-B985-3C4FA5F1B1D8}.Release|Any CPU.Build.0 = Release|Any CPU
		{011FE918-5653-4A6D-BF65-BB0E01DD74AC}.Debug|Any CPU.ActiveCfg = Debug|Any CPU
		{011FE918-5653-4A6D-BF65-BB0E01DD74AC}.Debug|Any CPU.Build.0 = Debug|Any CPU
		{011FE918-5653-4A6D-BF65-BB0E01DD74AC}.Release|Any CPU.ActiveCfg = Release|Any CPU
		{011FE918-5653-4A6D-BF65-BB0E01DD74AC}.Release|Any CPU.Build.0 = Release|Any CPU
		{4C917F4E-977F-4B8D-B9B1-9A92854E83BF}.Debug|Any CPU.ActiveCfg = Debug|Any CPU
		{4C917F4E-977F-4B8D-B9B1-9A92854E83BF}.Debug|Any CPU.Build.0 = Debug|Any CPU
		{4C917F4E-977F-4B8D-B9B1-9A92854E83BF}.Release|Any CPU.ActiveCfg = Release|Any CPU
		{4C917F4E-977F-4B8D-B9B1-9A92854E83BF}.Release|Any CPU.Build.0 = Release|Any CPU
		{9536D2A6-1378-4467-B914-438573337AC6}.Debug|Any CPU.ActiveCfg = Debug|Any CPU
		{9536D2A6-1378-4467-B914-438573337AC6}.Debug|Any CPU.Build.0 = Debug|Any CPU
		{9536D2A6-1378-4467-B914-438573337AC6}.Release|Any CPU.ActiveCfg = Release|Any CPU
		{9536D2A6-1378-4467-B914-438573337AC6}.Release|Any CPU.Build.0 = Release|Any CPU
		{7B8DB01F-423B-4BC9-9336-50D772F34F82}.Debug|Any CPU.ActiveCfg = Debug|Any CPU
		{7B8DB01F-423B-4BC9-9336-50D772F34F82}.Debug|Any CPU.Build.0 = Debug|Any CPU
		{7B8DB01F-423B-4BC9-9336-50D772F34F82}.Release|Any CPU.ActiveCfg = Release|Any CPU
		{7B8DB01F-423B-4BC9-9336-50D772F34F82}.Release|Any CPU.Build.0 = Release|Any CPU
		{2C54153D-EB05-4A29-9163-C559628CFD7E}.Debug|Any CPU.ActiveCfg = Debug|Any CPU
		{2C54153D-EB05-4A29-9163-C559628CFD7E}.Debug|Any CPU.Build.0 = Debug|Any CPU
		{2C54153D-EB05-4A29-9163-C559628CFD7E}.Release|Any CPU.ActiveCfg = Release|Any CPU
		{2C54153D-EB05-4A29-9163-C559628CFD7E}.Release|Any CPU.Build.0 = Release|Any CPU
		{1DA9ABCA-67FE-4E37-B97D-7A5CCC5CDB46}.Debug|Any CPU.ActiveCfg = Debug|Any CPU
		{1DA9ABCA-67FE-4E37-B97D-7A5CCC5CDB46}.Debug|Any CPU.Build.0 = Debug|Any CPU
		{1DA9ABCA-67FE-4E37-B97D-7A5CCC5CDB46}.Release|Any CPU.ActiveCfg = Release|Any CPU
		{1DA9ABCA-67FE-4E37-B97D-7A5CCC5CDB46}.Release|Any CPU.Build.0 = Release|Any CPU
		{195112ED-B687-48D2-ADA6-2F27294EA645}.Debug|Any CPU.ActiveCfg = Debug|Any CPU
		{195112ED-B687-48D2-ADA6-2F27294EA645}.Debug|Any CPU.Build.0 = Debug|Any CPU
		{195112ED-B687-48D2-ADA6-2F27294EA645}.Release|Any CPU.ActiveCfg = Release|Any CPU
		{195112ED-B687-48D2-ADA6-2F27294EA645}.Release|Any CPU.Build.0 = Release|Any CPU
		{81185840-6DA0-440B-813A-E32D6CCAD34E}.Debug|Any CPU.ActiveCfg = Debug|Any CPU
		{81185840-6DA0-440B-813A-E32D6CCAD34E}.Debug|Any CPU.Build.0 = Debug|Any CPU
		{81185840-6DA0-440B-813A-E32D6CCAD34E}.Release|Any CPU.ActiveCfg = Release|Any CPU
		{81185840-6DA0-440B-813A-E32D6CCAD34E}.Release|Any CPU.Build.0 = Release|Any CPU
		{0DEAC762-ABEF-4AE8-AC2E-5B697171E703}.Debug|Any CPU.ActiveCfg = Debug|Any CPU
		{0DEAC762-ABEF-4AE8-AC2E-5B697171E703}.Debug|Any CPU.Build.0 = Debug|Any CPU
		{0DEAC762-ABEF-4AE8-AC2E-5B697171E703}.Release|Any CPU.ActiveCfg = Release|Any CPU
		{0DEAC762-ABEF-4AE8-AC2E-5B697171E703}.Release|Any CPU.Build.0 = Release|Any CPU
		{DFE0D0A8-980E-49A1-9D9F-C7866FAF4C05}.Debug|Any CPU.ActiveCfg = Debug|Any CPU
		{DFE0D0A8-980E-49A1-9D9F-C7866FAF4C05}.Debug|Any CPU.Build.0 = Debug|Any CPU
		{DFE0D0A8-980E-49A1-9D9F-C7866FAF4C05}.Release|Any CPU.ActiveCfg = Release|Any CPU
		{DFE0D0A8-980E-49A1-9D9F-C7866FAF4C05}.Release|Any CPU.Build.0 = Release|Any CPU
		{6B134A2C-84BF-445E-B5FC-0451E3C432CE}.Debug|Any CPU.ActiveCfg = Debug|Any CPU
		{6B134A2C-84BF-445E-B5FC-0451E3C432CE}.Debug|Any CPU.Build.0 = Debug|Any CPU
		{6B134A2C-84BF-445E-B5FC-0451E3C432CE}.Release|Any CPU.ActiveCfg = Release|Any CPU
		{6B134A2C-84BF-445E-B5FC-0451E3C432CE}.Release|Any CPU.Build.0 = Release|Any CPU
		{6C11AE85-E1F7-47B8-8B1A-A9B4D8EDF8F4}.Debug|Any CPU.ActiveCfg = Debug|Any CPU
		{6C11AE85-E1F7-47B8-8B1A-A9B4D8EDF8F4}.Debug|Any CPU.Build.0 = Debug|Any CPU
		{6C11AE85-E1F7-47B8-8B1A-A9B4D8EDF8F4}.Release|Any CPU.ActiveCfg = Release|Any CPU
		{6C11AE85-E1F7-47B8-8B1A-A9B4D8EDF8F4}.Release|Any CPU.Build.0 = Release|Any CPU
		{916C67F2-50B1-45DA-B970-222CEE4FC8D8}.Debug|Any CPU.ActiveCfg = Debug|Any CPU
		{916C67F2-50B1-45DA-B970-222CEE4FC8D8}.Debug|Any CPU.Build.0 = Debug|Any CPU
		{916C67F2-50B1-45DA-B970-222CEE4FC8D8}.Release|Any CPU.ActiveCfg = Release|Any CPU
		{916C67F2-50B1-45DA-B970-222CEE4FC8D8}.Release|Any CPU.Build.0 = Release|Any CPU
		{9819E020-80E9-4AA1-A504-6F6256C1EC01}.Debug|Any CPU.ActiveCfg = Debug|Any CPU
		{9819E020-80E9-4AA1-A504-6F6256C1EC01}.Debug|Any CPU.Build.0 = Debug|Any CPU
		{9819E020-80E9-4AA1-A504-6F6256C1EC01}.Release|Any CPU.ActiveCfg = Release|Any CPU
		{9819E020-80E9-4AA1-A504-6F6256C1EC01}.Release|Any CPU.Build.0 = Release|Any CPU
		{9F1CFABD-18B1-47CF-8F6B-767F1DE5FEE3}.Debug|Any CPU.ActiveCfg = Debug|Any CPU
		{9F1CFABD-18B1-47CF-8F6B-767F1DE5FEE3}.Debug|Any CPU.Build.0 = Debug|Any CPU
		{9F1CFABD-18B1-47CF-8F6B-767F1DE5FEE3}.Release|Any CPU.ActiveCfg = Release|Any CPU
		{9F1CFABD-18B1-47CF-8F6B-767F1DE5FEE3}.Release|Any CPU.Build.0 = Release|Any CPU
		{FBF44C48-6861-4662-B808-2C154A5C3CAE}.Debug|Any CPU.ActiveCfg = Debug|Any CPU
		{FBF44C48-6861-4662-B808-2C154A5C3CAE}.Debug|Any CPU.Build.0 = Debug|Any CPU
		{FBF44C48-6861-4662-B808-2C154A5C3CAE}.Release|Any CPU.ActiveCfg = Release|Any CPU
		{FBF44C48-6861-4662-B808-2C154A5C3CAE}.Release|Any CPU.Build.0 = Release|Any CPU
		{9E52DF40-A040-47C2-91DC-2413270FF9B1}.Debug|Any CPU.ActiveCfg = Debug|Any CPU
		{9E52DF40-A040-47C2-91DC-2413270FF9B1}.Debug|Any CPU.Build.0 = Debug|Any CPU
		{9E52DF40-A040-47C2-91DC-2413270FF9B1}.Release|Any CPU.ActiveCfg = Release|Any CPU
		{9E52DF40-A040-47C2-91DC-2413270FF9B1}.Release|Any CPU.Build.0 = Release|Any CPU
		{138594D3-38DF-4025-B5B5-1049D686CC29}.Debug|Any CPU.ActiveCfg = Debug|Any CPU
		{138594D3-38DF-4025-B5B5-1049D686CC29}.Debug|Any CPU.Build.0 = Debug|Any CPU
		{138594D3-38DF-4025-B5B5-1049D686CC29}.Release|Any CPU.ActiveCfg = Release|Any CPU
		{138594D3-38DF-4025-B5B5-1049D686CC29}.Release|Any CPU.Build.0 = Release|Any CPU
		{F17A0823-4C0A-40C3-818F-A593FB6ADBEC}.Debug|Any CPU.ActiveCfg = Debug|Any CPU
		{F17A0823-4C0A-40C3-818F-A593FB6ADBEC}.Debug|Any CPU.Build.0 = Debug|Any CPU
		{F17A0823-4C0A-40C3-818F-A593FB6ADBEC}.Release|Any CPU.ActiveCfg = Release|Any CPU
		{F17A0823-4C0A-40C3-818F-A593FB6ADBEC}.Release|Any CPU.Build.0 = Release|Any CPU
		{87AC11E6-9C66-468A-AC68-927D61D1E233}.Debug|Any CPU.ActiveCfg = Debug|Any CPU
		{87AC11E6-9C66-468A-AC68-927D61D1E233}.Debug|Any CPU.Build.0 = Debug|Any CPU
		{87AC11E6-9C66-468A-AC68-927D61D1E233}.Release|Any CPU.ActiveCfg = Release|Any CPU
		{87AC11E6-9C66-468A-AC68-927D61D1E233}.Release|Any CPU.Build.0 = Release|Any CPU
		{4ED65E28-2C8B-4F72-A19A-241368CC4FB2}.Debug|Any CPU.ActiveCfg = Debug|Any CPU
		{4ED65E28-2C8B-4F72-A19A-241368CC4FB2}.Debug|Any CPU.Build.0 = Debug|Any CPU
		{4ED65E28-2C8B-4F72-A19A-241368CC4FB2}.Release|Any CPU.ActiveCfg = Release|Any CPU
		{4ED65E28-2C8B-4F72-A19A-241368CC4FB2}.Release|Any CPU.Build.0 = Release|Any CPU
		{18686E89-984C-45C8-8D2B-DA9CDFD64E89}.Debug|Any CPU.ActiveCfg = Debug|Any CPU
		{18686E89-984C-45C8-8D2B-DA9CDFD64E89}.Debug|Any CPU.Build.0 = Debug|Any CPU
		{18686E89-984C-45C8-8D2B-DA9CDFD64E89}.Release|Any CPU.ActiveCfg = Release|Any CPU
		{18686E89-984C-45C8-8D2B-DA9CDFD64E89}.Release|Any CPU.Build.0 = Release|Any CPU
	EndGlobalSection
	GlobalSection(SolutionProperties) = preSolution
		HideSolutionNode = FALSE
	EndGlobalSection
	GlobalSection(NestedProjects) = preSolution
		{9536D2A6-1378-4467-B914-438573337AC6} = {8BB208B6-13CD-4942-B3AC-037BDF858727}
		{7B8DB01F-423B-4BC9-9336-50D772F34F82} = {8BB208B6-13CD-4942-B3AC-037BDF858727}
		{2C54153D-EB05-4A29-9163-C559628CFD7E} = {8BB208B6-13CD-4942-B3AC-037BDF858727}
		{0DEAC762-ABEF-4AE8-AC2E-5B697171E703} = {8BB208B6-13CD-4942-B3AC-037BDF858727}
		{6B134A2C-84BF-445E-B5FC-0451E3C432CE} = {8BB208B6-13CD-4942-B3AC-037BDF858727}
		{6C11AE85-E1F7-47B8-8B1A-A9B4D8EDF8F4} = {C1858B8D-858C-4EAE-BE10-800CA3A2DE9C}
		{916C67F2-50B1-45DA-B970-222CEE4FC8D8} = {C1858B8D-858C-4EAE-BE10-800CA3A2DE9C}
		{9819E020-80E9-4AA1-A504-6F6256C1EC01} = {C1858B8D-858C-4EAE-BE10-800CA3A2DE9C}
		{9F1CFABD-18B1-47CF-8F6B-767F1DE5FEE3} = {33A49F7A-878E-4D82-8ECF-59922E247DC6}
		{FBF44C48-6861-4662-B808-2C154A5C3CAE} = {33A49F7A-878E-4D82-8ECF-59922E247DC6}
		{138594D3-38DF-4025-B5B5-1049D686CC29} = {8BB208B6-13CD-4942-B3AC-037BDF858727}
		{F17A0823-4C0A-40C3-818F-A593FB6ADBEC} = {8BB208B6-13CD-4942-B3AC-037BDF858727}
		{87AC11E6-9C66-468A-AC68-927D61D1E233} = {8BB208B6-13CD-4942-B3AC-037BDF858727}
		{4ED65E28-2C8B-4F72-A19A-241368CC4FB2} = {8BB208B6-13CD-4942-B3AC-037BDF858727}
		{18686E89-984C-45C8-8D2B-DA9CDFD64E89} = {33A49F7A-878E-4D82-8ECF-59922E247DC6}
	EndGlobalSection
EndGlobal
