{
  "version": 2,
  "dependencies": {
    "net10.0": {
      "ReferenceTrimmer": {
        "type": "Direct",
        "requested": "[3.4.5, )",
        "resolved": "3.4.5",
        "contentHash": "I3vQerUFZ3BSrPfdpAUZX+OIEj9rf/BZ0p/Dc+KlygFHsGa3zekygNhqoPOP6/p06ql1lAcGmrqJGpsLOb6Yfw=="
      },
      "joinrpg.commonui.models": {
        "type": "Project"
      },
      "joinrpg.data.interfaces": {
        "type": "Project",
        "dependencies": {
          "JoinRpg.DataModel": "[1.0.0, )",
          "JoinRpg.Helpers": "[1.0.0, )",
          "JoinRpg.Interfaces": "[1.0.0, )",
          "JoinRpg.PrimitiveTypes": "[1.0.0, )"
        }
      },
      "joinrpg.datamodel": {
        "type": "Project",
        "dependencies": {
          "JoinRpg.Helpers": "[1.0.0, )",
          "JoinRpg.PrimitiveTypes": "[1.0.0, )",
          "Newtonsoft.Json": "[13.0.4, )"
        }
      },
      "joinrpg.domain": {
        "type": "Project",
        "dependencies": {
          "Autofac": "[9.0.0, )",
          "JoinRpg.Data.Interfaces": "[1.0.0, )",
          "JoinRpg.DataModel": "[1.0.0, )",
          "JoinRpg.Helpers": "[1.0.0, )",
          "JoinRpg.Interfaces": "[1.0.0, )",
          "Newtonsoft.Json": "[13.0.4, )"
        }
      },
      "joinrpg.helpers": {
        "type": "Project"
      },
      "joinrpg.interfaces": {
        "type": "Project",
        "dependencies": {
          "JoinRpg.PrimitiveTypes": "[1.0.0, )"
        }
      },
      "joinrpg.markdown": {
        "type": "Project",
        "dependencies": {
          "JoinRpg.Helpers": "[1.0.0, )",
          "JoinRpg.Interfaces": "[1.0.0, )",
          "Markdig": "[0.45.0, )",
          "Vereyon.Web.HtmlSanitizer": "[1.8.0, )"
        }
      },
      "joinrpg.primitivetypes": {
        "type": "Project",
        "dependencies": {
          "JoinRpg.Helpers": "[1.0.0, )"
        }
      },
      "joinrpg.services.interfaces": {
        "type": "Project",
        "dependencies": {
          "JoinRpg.DataModel": "[1.0.0, )",
          "JoinRpg.Domain": "[1.0.0, )",
          "JoinRpg.Helpers": "[1.0.0, )",
          "JoinRpg.PrimitiveTypes": "[1.0.0, )",
          "PscbApi": "[1.0.0, )"
        }
      },
      "joinrpg.web.claims": {
        "type": "Project",
        "dependencies": {
          "JoinRpg.PrimitiveTypes": "[1.0.0, )",
          "JoinRpg.Web.ProjectCommon": "[1.0.0, )",
          "JoinRpg.WebComponents": "[1.0.0, )"
        }
      },
      "joinrpg.web.games": {
        "type": "Project",
        "dependencies": {
          "JoinRpg.Web.Claims": "[1.0.0, )",
          "JoinRpg.Web.ProjectCommon": "[1.0.0, )"
        }
      },
      "joinrpg.web.plots": {
        "type": "Project",
        "dependencies": {
          "JoinRpg.PrimitiveTypes": "[1.0.0, )",
          "JoinRpg.Web.ProjectCommon": "[1.0.0, )",
          "JoinRpg.WebComponents": "[1.0.0, )"
        }
      },
      "joinrpg.web.projectcommon": {
        "type": "Project",
        "dependencies": {
          "JoinRpg.PrimitiveTypes": "[1.0.0, )",
          "JoinRpg.WebComponents": "[1.0.0, )"
        }
      },
      "joinrpg.web.projectmastertools": {
        "type": "Project",
        "dependencies": {
          "JoinRpg.PrimitiveTypes": "[1.0.0, )",
          "JoinRpg.Web.ProjectCommon": "[1.0.0, )",
          "JoinRpg.WebComponents": "[1.0.0, )"
        }
      },
      "joinrpg.webcomponents": {
        "type": "Project",
        "dependencies": {
          "JoinRpg.Helpers": "[1.0.0, )"
        }
      },
      "pscbapi": {
        "type": "Project",
        "dependencies": {
          "Newtonsoft.Json": "[13.0.4, )"
        }
      },
      "Autofac": {
        "type": "CentralTransitive",
        "requested": "[9.0.0, )",
        "resolved": "9.0.0",
        "contentHash": "G8TpUMVIq1pEAMuAao8h5MKduY91SotjgK93wQb5LaxbJUVE0/XjCA6t2SOp+AkPC3GB/C2MAiF2D7krYjraFw=="
      },
      "HtmlAgilityPack": {
        "type": "CentralTransitive",
        "requested": "[1.12.1, )",
        "resolved": "1.12.1",
        "contentHash": "SP6/2Y26CXtxjXn0Wwsom9Ek35SNWKHEu/IWhNEFejBSSVWWXPRSlpqpBSYWv1SQhYFnwMO01xVbEdK3iRR4hg=="
      },
      "Markdig": {
        "type": "CentralTransitive",
        "requested": "[0.45.0, )",
        "resolved": "0.45.0",
        "contentHash": "ObNLcA1b+0lpNNoEg256g9faMeJZi35wZW0AnKJ4nGPJe+5qkwnV26kUvQTHuanFnSX9SdvPzOO41BVJ6XarAg=="
      },
      "Newtonsoft.Json": {
        "type": "CentralTransitive",
        "requested": "[13.0.4, )",
        "resolved": "13.0.4",
        "contentHash": "pdgNNMai3zv51W5aq268sujXUyx7SNdE2bj1wZcWjAQrKMFZV260lbqYop1d2GM67JI1huLRwxo9ZqnfF/lC6A=="
      },
      "Vereyon.Web.HtmlSanitizer": {
        "type": "CentralTransitive",
        "requested": "[1.8.0, )",
        "resolved": "1.8.0",
        "contentHash": "oMML9M4wFQfHbTpfLjgng8rKqATrdNcCm0PxhrhOB3FITwaJYWN2OMDfBwDXEHZBUFXFAqECdx6UqOBuinviaw==",
        "dependencies": {
          "HtmlAgilityPack": "1.7.1"
        }
      }
    }
  }
}