{
  "version": 2,
  "dependencies": {
    "net9.0": {
      "ReferenceTrimmer": {
        "type": "Direct",
        "requested": "[3.4.5, )",
        "resolved": "3.4.5",
        "contentHash": "I3vQerUFZ3BSrPfdpAUZX+OIEj9rf/BZ0p/Dc+KlygFHsGa3zekygNhqoPOP6/p06ql1lAcGmrqJGpsLOb6Yfw=="
      }
    }
  }
}