{
  "version": 2,
  "dependencies": {
    "net10.0": {
      "Microsoft.NET.Test.Sdk": {
        "type": "Direct",
        "requested": "[18.0.1, )",
        "resolved": "18.0.1",
        "contentHash": "WNpu6vI2rA0pXY4r7NKxCN16XRWl5uHu6qjuyVLoDo6oYEggIQefrMjkRuibQHm/NslIUNCcKftvoWAN80MSAg==",
        "dependencies": {
          "Microsoft.CodeCoverage": "18.0.1",
          "Microsoft.TestPlatform.TestHost": "18.0.1"
        }
      },
      "morelinq": {
        "type": "Direct",
        "requested": "[4.4.0, )",
        "resolved": "4.4.0",
        "contentHash": "QX3bsK9oFeUXk8tFsc9NkI6NnCr8Ar/ex027p+ZZ/jdLCdX2RlryDtxUqZW5j45NVwn4E4Z4hzupsoMQd6Yxtg=="
      },
      "ReferenceTrimmer": {
        "type": "Direct",
        "requested": "[3.4.5, )",
        "resolved": "3.4.5",
        "contentHash": "I3vQerUFZ3BSrPfdpAUZX+OIEj9rf/BZ0p/Dc+KlygFHsGa3zekygNhqoPOP6/p06ql1lAcGmrqJGpsLOb6Yfw=="
      },
      "Shouldly": {
        "type": "Direct",
        "requested": "[4.3.0, )",
        "resolved": "4.3.0",
        "contentHash": "sDetrWXrl6YXZ4HeLsdBoNk3uIa7K+V4uvIJ+cqdRa5DrFxeTED7VkjoxCuU1kJWpUuBDZz2QXFzSxBtVXLwRQ==",
        "dependencies": {
          "DiffEngine": "11.3.0",
          "EmptyFiles": "4.4.0"
        }
      },
      "xunit": {
        "type": "Direct",
        "requested": "[2.9.3, )",
        "resolved": "2.9.3",
        "contentHash": "TlXQBinK35LpOPKHAqbLY4xlEen9TBafjs0V5KnA4wZsoQLQJiirCR4CbIXvOH8NzkW4YeJKP5P/Bnrodm0h9Q==",
        "dependencies": {
          "xunit.analyzers": "1.18.0",
          "xunit.assert": "2.9.3",
          "xunit.core": "[2.9.3]"
        }
      },
      "xunit.runner.visualstudio": {
        "type": "Direct",
        "requested": "[3.1.5, )",
        "resolved": "3.1.5",
        "contentHash": "tKi7dSTwP4m5m9eXPM2Ime4Kn7xNf4x4zT9sdLO/G4hZVnQCRiMTWoSZqI/pYTVeI27oPPqHBKYI/DjJ9GsYgA=="
      },
      "DiffEngine": {
        "type": "Transitive",
        "resolved": "11.3.0",
        "contentHash": "k0ZgZqd09jLZQjR8FyQbSQE86Q7QZnjEzq1LPHtj1R2AoWO8sjV5x+jlSisL7NZAbUOI4y+7Bog8gkr9WIRBGw==",
        "dependencies": {
          "EmptyFiles": "4.4.0",
          "System.Management": "6.0.1"
        }
      },
      "EmptyFiles": {
        "type": "Transitive",
        "resolved": "4.4.0",
        "contentHash": "gwJEfIGS7FhykvtZoscwXj/XwW+mJY6UbAZk+qtLKFUGWC95kfKXnj8VkxsZQnWBxJemM/q664rGLN5nf+OHZw=="
      },
      "LinqKit.Core": {
        "type": "Transitive",
        "resolved": "1.2.11",
        "contentHash": "jQXu7G9Ik6BDcS5506RV1CI184pG5eHwvqzrB5zEivciW7KiZ9iHM8ZTyu5o/TGt55woagJGUVsJYw4aBjRfEQ=="
      },
      "Microsoft.AspNetCore.Authorization": {
        "type": "Transitive",
        "resolved": "10.0.3",
        "contentHash": "pqm2ivtD2bj5f+4KnrGmJsD/iDZkMnJnK/uW/p1bpqKCR316TyWqyhhS5znLGw7QpX2fAWhXU+uQo1Cb89bedA==",
        "dependencies": {
          "Microsoft.AspNetCore.Metadata": "10.0.3",
          "Microsoft.Extensions.Diagnostics": "10.0.3",
          "Microsoft.Extensions.Logging.Abstractions": "10.0.3",
          "Microsoft.Extensions.Options": "10.0.3"
        }
      },
      "Microsoft.AspNetCore.Components.Analyzers": {
        "type": "Transitive",
        "resolved": "10.0.3",
        "contentHash": "lrutvdhJ6zKmYryd6dWtgJfaE+PYGR3yjNRgd3qPZh8xiCQOlEXwm+UWyLNwRoLjhUBOVirNV7nn75UdZJe7qQ=="
      },
      "Microsoft.AspNetCore.Components.Forms": {
        "type": "Transitive",
        "resolved": "10.0.3",
        "contentHash": "9g14GvH3F4a7v+1iaBzYmlr8U4rvSmCxbZC0kxQFOm5XLtnqiS8+1AhnkzsttCztw3cZ8MgjWhgYwO6A2wNzeQ==",
        "dependencies": {
          "Microsoft.AspNetCore.Components": "10.0.3",
          "Microsoft.Extensions.Validation": "10.0.3"
        }
      },
      "Microsoft.AspNetCore.Metadata": {
        "type": "Transitive",
        "resolved": "10.0.3",
        "contentHash": "PtLHFABwDpGhpTMxni8z4W0J2b+y2EVFkpZ8K6A092pbdBdlD3yAgxAZhwLxXl2RKBTuVj5TUGc2voDQ/ghpTA=="
      },
      "Microsoft.CodeCoverage": {
        "type": "Transitive",
        "resolved": "18.0.1",
        "contentHash": "O+utSr97NAJowIQT/OVp3Lh9QgW/wALVTP4RG1m2AfFP4IyJmJz0ZBmFJUsRQiAPgq6IRC0t8AAzsiPIsaUDEA=="
      },
      "Microsoft.Extensions.Configuration": {
        "type": "Transitive",
        "resolved": "10.0.3",
        "contentHash": "H1Cjv2xmm7O3iAGmFTcnSM0ZhLQ/7SqefmAvSJoT1PbXoxeYc2fo0mCLn2JlVbr9E6YpoU9q/o0fI9neDJB0xQ==",
        "dependencies": {
          "Microsoft.Extensions.Configuration.Abstractions": "10.0.3",
          "Microsoft.Extensions.Primitives": "10.0.3"
        }
      },
      "Microsoft.Extensions.Configuration.Binder": {
        "type": "Transitive",
        "resolved": "10.0.3",
        "contentHash": "759UhpKaR5Jsll9kXpkft4z/7tpeF7Dw2rTY/9f9JchaSQTpRFNIPkZFZvoo7fFpbjUaqtDlO5aiGpmQrp/EUA==",
        "dependencies": {
          "Microsoft.Extensions.Configuration": "10.0.3",
          "Microsoft.Extensions.Configuration.Abstractions": "10.0.3"
        }
      },
      "Microsoft.Extensions.DependencyInjection": {
        "type": "Transitive",
        "resolved": "10.0.3",
        "contentHash": "2DLOmC0EkB2smVK8lPP1PIKEgL1arE3CMp9XSIQB/Y7ev5nnnyuM/PizKJ6QfLD08QCYoopSC9SFdbYglDomYg==",
        "dependencies": {
          "Microsoft.Extensions.DependencyInjection.Abstractions": "10.0.3"
        }
      },
      "Microsoft.Extensions.Diagnostics": {
        "type": "Transitive",
        "resolved": "10.0.3",
        "contentHash": "tc0R6i2T+138taoxFPQXb7Sy/4rtq4ytoJrAt4fNGs6k89mHpEhZnXUNgaFKwwb5Ud5rIUeLC6tfpsuHNwiWqg==",
        "dependencies": {
          "Microsoft.Extensions.Configuration": "10.0.3",
          "Microsoft.Extensions.Diagnostics.Abstractions": "10.0.3",
          "Microsoft.Extensions.Options.ConfigurationExtensions": "10.0.3"
        }
      },
      "Microsoft.Extensions.Diagnostics.Abstractions": {
        "type": "Transitive",
        "resolved": "10.0.3",
        "contentHash": "mQiTzAj7PIJ2A9YXR5QhgulS1fTWhmQc3ckd1Mrf3hKW07d03fBDqx8vVaFw+cRTebDOeB6pNqdWdnRxsi1hBA==",
        "dependencies": {
          "Microsoft.Extensions.DependencyInjection.Abstractions": "10.0.3",
          "Microsoft.Extensions.Options": "10.0.3"
        }
      },
      "Microsoft.Extensions.Logging": {
        "type": "Transitive",
        "resolved": "10.0.3",
        "contentHash": "8D9Er1cGXNjNDIB+VLBNHn386L5ls2FoiG9a6o12gyn+GG3w6jdfUhzT8dtBnKcevE7/fsVA8MS3FBgFfClFtQ==",
        "dependencies": {
          "Microsoft.Extensions.DependencyInjection": "10.0.3",
          "Microsoft.Extensions.Logging.Abstractions": "10.0.3",
          "Microsoft.Extensions.Options": "10.0.3"
        }
      },
      "Microsoft.Extensions.Options.ConfigurationExtensions": {
        "type": "Transitive",
        "resolved": "10.0.3",
        "contentHash": "bn6QoBbbvwmzLIFyxrnL2/e+sqoNUOGbHyfWK9DPONMv1mDCYHm/C7MusYASM31b2lUx6OiDmonb3v+dv5t0nA==",
        "dependencies": {
          "Microsoft.Extensions.Configuration.Abstractions": "10.0.3",
          "Microsoft.Extensions.Configuration.Binder": "10.0.3",
          "Microsoft.Extensions.DependencyInjection.Abstractions": "10.0.3",
          "Microsoft.Extensions.Options": "10.0.3",
          "Microsoft.Extensions.Primitives": "10.0.3"
        }
      },
      "Microsoft.Extensions.Primitives": {
        "type": "Transitive",
        "resolved": "10.0.3",
        "contentHash": "GEcpTwo7sUoLGGNTqV1FZEuL+tTD9m81NX/mh099dqGNna07/UGZShKQNZRw4hv6nlliSUwYQgSYc7OR99Jufg=="
      },
      "Microsoft.Extensions.Validation": {
        "type": "Transitive",
        "resolved": "10.0.3",
        "contentHash": "ckKsqpWxbCDvOSWz6e9WOjPSLUna0/ObST/GHezGucyxfQlwmfK13d/BBrj8YctleFepCVYM1+SREEkqUBir2A==",
        "dependencies": {
          "Microsoft.Extensions.DependencyInjection.Abstractions": "10.0.3",
          "Microsoft.Extensions.Options": "10.0.3"
        }
      },
      "Microsoft.JSInterop": {
        "type": "Transitive",
        "resolved": "10.0.3",
        "contentHash": "6bvIDztTDoRvzPPjndyAyAGHBt+MH1Pm4GEt03pcHOwQt+6sh3JnFw4vmWy18DixD+lQqPiDQBt8XsKFJD1uuQ=="
      },
      "Microsoft.TestPlatform.ObjectModel": {
        "type": "Transitive",
        "resolved": "18.0.1",
        "contentHash": "qT/mwMcLF9BieRkzOBPL2qCopl8hQu6A1P7JWAoj/FMu5i9vds/7cjbJ/LLtaiwWevWLAeD5v5wjQJ/l6jvhWQ=="
      },
      "Microsoft.TestPlatform.TestHost": {
        "type": "Transitive",
        "resolved": "18.0.1",
        "contentHash": "uDJKAEjFTaa2wHdWlfo6ektyoh+WD4/Eesrwb4FpBFKsLGehhACVnwwTI4qD3FrIlIEPlxdXg3SyrYRIcO+RRQ==",
        "dependencies": {
          "Microsoft.TestPlatform.ObjectModel": "18.0.1",
          "Newtonsoft.Json": "13.0.3"
        }
      },
      "Microsoft.Win32.SystemEvents": {
        "type": "Transitive",
        "resolved": "6.0.0",
        "contentHash": "hqTM5628jSsQiv+HGpiq3WKBl2c8v1KZfby2J6Pr7pEPlK9waPdgEO6b8A/+/xn/yZ9ulv8HuqK71ONy2tg67A=="
      },
      "runtime.native.System.Data.SqlClient.sni": {
        "type": "Transitive",
        "resolved": "4.7.0",
        "contentHash": "9kyFSIdN3T0qjDQ2R0HRXYIhS3l5psBzQi6qqhdLz+SzFyEy4sVxNOke+yyYv8Cu8rPER12c3RDjLT8wF3WBYQ==",
        "dependencies": {
          "runtime.win-arm64.runtime.native.System.Data.SqlClient.sni": "4.4.0",
          "runtime.win-x64.runtime.native.System.Data.SqlClient.sni": "4.4.0",
          "runtime.win-x86.runtime.native.System.Data.SqlClient.sni": "4.4.0"
        }
      },
      "runtime.win-arm64.runtime.native.System.Data.SqlClient.sni": {
        "type": "Transitive",
        "resolved": "4.4.0",
        "contentHash": "LbrynESTp3bm5O/+jGL8v0Qg5SJlTV08lpIpFesXjF6uGNMWqFnUQbYBJwZTeua6E/Y7FIM1C54Ey1btLWupdg=="
      },
      "runtime.win-x64.runtime.native.System.Data.SqlClient.sni": {
        "type": "Transitive",
        "resolved": "4.4.0",
        "contentHash": "38ugOfkYJqJoX9g6EYRlZB5U2ZJH51UP8ptxZgdpS07FgOEToV+lS11ouNK2PM12Pr6X/PpT5jK82G3DwH/SxQ=="
      },
      "runtime.win-x86.runtime.native.System.Data.SqlClient.sni": {
        "type": "Transitive",
        "resolved": "4.4.0",
        "contentHash": "YhEdSQUsTx+C8m8Bw7ar5/VesXvCFMItyZF7G1AUY+OM0VPZUOeAVpJ4Wl6fydBGUYZxojTDR3I6Bj/+BPkJNA=="
      },
      "System.CodeDom": {
        "type": "Transitive",
        "resolved": "6.0.0",
        "contentHash": "CPc6tWO1LAer3IzfZufDBRL+UZQcj5uS207NHALQzP84Vp/z6wF0Aa0YZImOQY8iStY0A2zI/e3ihKNPfUm8XA=="
      },
      "System.ComponentModel.Annotations": {
        "type": "Transitive",
        "resolved": "5.0.0",
        "contentHash": "dMkqfy2el8A8/I76n2Hi1oBFEbG1SfxD2l5nhwXV3XjlnOmwxJlQbYpJH4W51odnU9sARCSAgv7S3CyAFMkpYg=="
      },
      "System.Configuration.ConfigurationManager": {
        "type": "Transitive",
        "resolved": "6.0.1",
        "contentHash": "jXw9MlUu/kRfEU0WyTptAVueupqIeE3/rl0EZDMlf8pcvJnitQ8HeVEp69rZdaStXwTV72boi/Bhw8lOeO+U2w==",
        "dependencies": {
          "System.Security.Cryptography.ProtectedData": "6.0.0",
          "System.Security.Permissions": "6.0.0"
        }
      },
      "System.Data.SqlClient": {
        "type": "Transitive",
        "resolved": "4.8.6",
        "contentHash": "2Ij/LCaTQRyAi5lAv7UUTV9R2FobC8xN9mE0fXBZohum/xLl8IZVmE98Rq5ugQHjCgTBRKqpXRb4ORulRdA6Ig==",
        "dependencies": {
          "runtime.native.System.Data.SqlClient.sni": "4.7.0"
        }
      },
      "System.Drawing.Common": {
        "type": "Transitive",
        "resolved": "6.0.0",
        "contentHash": "NfuoKUiP2nUWwKZN6twGqXioIe1zVD0RIj2t976A+czLHr2nY454RwwXs6JU9Htc6mwqL6Dn/nEL3dpVf2jOhg==",
        "dependencies": {
          "Microsoft.Win32.SystemEvents": "6.0.0"
        }
      },
      "System.Management": {
        "type": "Transitive",
        "resolved": "6.0.1",
        "contentHash": "10J1D0h/lioojphfJ4Fuh5ZUThT/xOVHdV9roGBittKKNP2PMjrvibEdbVTGZcPra1399Ja3tqIJLyQrc5Wmhg==",
        "dependencies": {
          "System.CodeDom": "6.0.0"
        }
      },
      "System.Security.Cryptography.ProtectedData": {
        "type": "Transitive",
        "resolved": "6.0.0",
        "contentHash": "rp1gMNEZpvx9vP0JW0oHLxlf8oSiQgtno77Y4PLUBjSiDYoD77Y8uXHr1Ea5XG4/pIKhqAdxZ8v8OTUtqo9PeQ=="
      },
      "System.Security.Permissions": {
        "type": "Transitive",
        "resolved": "6.0.0",
        "contentHash": "T/uuc7AklkDoxmcJ7LGkyX1CcSviZuLCa4jg3PekfJ7SU0niF0IVTXwUiNVP9DSpzou2PpxJ+eNY2IfDM90ZCg==",
        "dependencies": {
          "System.Windows.Extensions": "6.0.0"
        }
      },
      "System.Windows.Extensions": {
        "type": "Transitive",
        "resolved": "6.0.0",
        "contentHash": "IXoJOXIqc39AIe+CIR7koBtRGMiCt/LPM3lI+PELtDIy9XdyeSrwXFdWV9dzJ2Awl0paLWUaknLxFQ5HpHZUog==",
        "dependencies": {
          "System.Drawing.Common": "6.0.0"
        }
      },
      "xunit.abstractions": {
        "type": "Transitive",
        "resolved": "2.0.3",
        "contentHash": "pot1I4YOxlWjIb5jmwvvQNbTrZ3lJQ+jUGkGjWE3hEFM0l5gOnBWS+H3qsex68s5cO52g+44vpGzhAt+42vwKg=="
      },
      "xunit.analyzers": {
        "type": "Transitive",
        "resolved": "1.18.0",
        "contentHash": "OtFMHN8yqIcYP9wcVIgJrq01AfTxijjAqVDy/WeQVSyrDC1RzBWeQPztL49DN2syXRah8TYnfvk035s7L95EZQ=="
      },
      "xunit.assert": {
        "type": "Transitive",
        "resolved": "2.9.3",
        "contentHash": "/Kq28fCE7MjOV42YLVRAJzRF0WmEqsmflm0cfpMjGtzQ2lR5mYVj1/i0Y8uDAOLczkL3/jArrwehfMD0YogMAA=="
      },
      "xunit.core": {
        "type": "Transitive",
        "resolved": "2.9.3",
        "contentHash": "BiAEvqGvyme19wE0wTKdADH+NloYqikiU0mcnmiNyXaF9HyHmE6sr/3DC5vnBkgsWaE6yPyWszKSPSApWdRVeQ==",
        "dependencies": {
          "xunit.extensibility.core": "[2.9.3]",
          "xunit.extensibility.execution": "[2.9.3]"
        }
      },
      "xunit.extensibility.core": {
        "type": "Transitive",
        "resolved": "2.9.3",
        "contentHash": "kf3si0YTn2a8J8eZNb+zFpwfoyvIrQ7ivNk5ZYA5yuYk1bEtMe4DxJ2CF/qsRgmEnDr7MnW1mxylBaHTZ4qErA==",
        "dependencies": {
          "xunit.abstractions": "2.0.3"
        }
      },
      "xunit.extensibility.execution": {
        "type": "Transitive",
        "resolved": "2.9.3",
        "contentHash": "yMb6vMESlSrE3Wfj7V6cjQ3S4TXdXpRqYeNEI3zsX31uTsGMJjEw6oD5F5u1cHnMptjhEECnmZSsPxB6ChZHDQ==",
        "dependencies": {
          "xunit.extensibility.core": "[2.9.3]"
        }
      },
      "joinrpg.commonui.models": {
        "type": "Project"
      },
      "joinrpg.dal.impl": {
        "type": "Project",
        "dependencies": {
          "EntityFramework": "[6.5.1, )",
          "JoinRpg.Data.Interfaces": "[1.0.0, )",
          "JoinRpg.Data.Write.Interfaces": "[1.0.0, )",
          "JoinRpg.DataModel": "[1.0.0, )",
          "JoinRpg.Helpers": "[1.0.0, )",
          "LinqKit.EntityFramework": "[1.3.11, )",
          "Microsoft.Extensions.Configuration.Abstractions": "[10.0.3, )",
          "Microsoft.Extensions.Logging.Abstractions": "[10.0.3, )"
        }
      },
      "joinrpg.data.interfaces": {
        "type": "Project",
        "dependencies": {
          "JoinRpg.DataModel": "[1.0.0, )",
          "JoinRpg.Helpers": "[1.0.0, )",
          "JoinRpg.Interfaces": "[1.0.0, )",
          "JoinRpg.PrimitiveTypes": "[1.0.0, )"
        }
      },
      "joinrpg.data.write.interfaces": {
        "type": "Project",
        "dependencies": {
          "EntityFramework": "[6.5.1, )",
          "JoinRpg.Data.Interfaces": "[1.0.0, )",
          "JoinRpg.Interfaces": "[1.0.0, )"
        }
      },
      "joinrpg.datamodel": {
        "type": "Project",
        "dependencies": {
          "JoinRpg.Helpers": "[1.0.0, )",
          "JoinRpg.PrimitiveTypes": "[1.0.0, )",
          "Newtonsoft.Json": "[13.0.4, )"
        }
      },
      "joinrpg.datamodel.mocks": {
        "type": "Project",
        "dependencies": {
          "JoinRpg.Dal.Impl": "[1.0.0, )",
          "JoinRpg.DataModel": "[1.0.0, )",
          "JoinRpg.Domain": "[1.0.0, )",
          "JoinRpg.Helpers": "[1.0.0, )",
          "Microsoft.NET.Test.Sdk": "[18.0.1, )",
          "Shouldly": "[4.3.0, )",
          "xunit": "[2.9.3, )"
        }
      },
      "joinrpg.domain": {
        "type": "Project",
        "dependencies": {
          "Autofac": "[9.0.0, )",
          "JoinRpg.Data.Interfaces": "[1.0.0, )",
          "JoinRpg.DataModel": "[1.0.0, )",
          "JoinRpg.Helpers": "[1.0.0, )",
          "JoinRpg.Interfaces": "[1.0.0, )",
          "Microsoft.Extensions.Logging.Abstractions": "[10.0.3, )",
          "Newtonsoft.Json": "[13.0.4, )"
        }
      },
      "joinrpg.helpers": {
        "type": "Project"
      },
      "joinrpg.interfaces": {
        "type": "Project",
        "dependencies": {
          "JoinRpg.PrimitiveTypes": "[1.0.0, )",
          "Microsoft.Extensions.DependencyInjection.Abstractions": "[10.0.3, )"
        }
      },
      "joinrpg.markdown": {
        "type": "Project",
        "dependencies": {
          "JoinRpg.Helpers": "[1.0.0, )",
          "JoinRpg.Interfaces": "[1.0.0, )",
          "Markdig": "[0.45.0, )",
          "Microsoft.AspNetCore.Components": "[10.0.3, )",
          "Microsoft.Extensions.DependencyInjection.Abstractions": "[10.0.3, )",
          "Vereyon.Web.HtmlSanitizer": "[1.8.0, )"
        }
      },
      "joinrpg.primitivetypes": {
        "type": "Project",
        "dependencies": {
          "JoinRpg.Helpers": "[1.0.0, )"
        }
      },
      "joinrpg.services.interfaces": {
        "type": "Project",
        "dependencies": {
          "JoinRpg.DataModel": "[1.0.0, )",
          "JoinRpg.Domain": "[1.0.0, )",
          "JoinRpg.Helpers": "[1.0.0, )",
          "JoinRpg.PrimitiveTypes": "[1.0.0, )",
          "PscbApi": "[1.0.0, )"
        }
      },
      "joinrpg.testhelpers": {
        "type": "Project",
        "dependencies": {
          "Microsoft.Extensions.Logging.Abstractions": "[10.0.3, )",
          "Microsoft.NET.Test.Sdk": "[18.0.1, )",
          "Shouldly": "[4.3.0, )",
          "xunit": "[2.9.3, )"
        }
      },
      "joinrpg.web.claims": {
        "type": "Project",
        "dependencies": {
          "JoinRpg.PrimitiveTypes": "[1.0.0, )",
          "JoinRpg.Web.ProjectCommon": "[1.0.0, )",
          "JoinRpg.WebComponents": "[1.0.0, )"
        }
      },
      "joinrpg.web.games": {
        "type": "Project",
        "dependencies": {
          "JoinRpg.Web.Claims": "[1.0.0, )",
          "JoinRpg.Web.ProjectCommon": "[1.0.0, )",
          "Microsoft.AspNetCore.Components.Web": "[10.0.3, )"
        }
      },
      "joinrpg.web.plots": {
        "type": "Project",
        "dependencies": {
          "JoinRpg.PrimitiveTypes": "[1.0.0, )",
          "JoinRpg.Web.ProjectCommon": "[1.0.0, )",
          "JoinRpg.WebComponents": "[1.0.0, )",
          "Microsoft.AspNetCore.Components.Web": "[10.0.3, )"
        }
      },
      "joinrpg.web.projectcommon": {
        "type": "Project",
        "dependencies": {
          "JoinRpg.PrimitiveTypes": "[1.0.0, )",
          "JoinRpg.WebComponents": "[1.0.0, )"
        }
      },
      "joinrpg.web.projectmastertools": {
        "type": "Project",
        "dependencies": {
          "JoinRpg.PrimitiveTypes": "[1.0.0, )",
          "JoinRpg.Web.ProjectCommon": "[1.0.0, )",
          "JoinRpg.WebComponents": "[1.0.0, )"
        }
      },
      "joinrpg.webcomponents": {
        "type": "Project",
        "dependencies": {
          "JoinRpg.Helpers": "[1.0.0, )",
          "Microsoft.AspNetCore.Components.Web": "[10.0.3, )",
          "Microsoft.Extensions.DependencyInjection.Abstractions": "[10.0.3, )"
        }
      },
      "joinrpg.webportal.models": {
        "type": "Project",
        "dependencies": {
          "JoinRpg.CommonUI.Models": "[1.0.0, )",
          "JoinRpg.Data.Interfaces": "[1.0.0, )",
          "JoinRpg.DataModel": "[1.0.0, )",
          "JoinRpg.Domain": "[1.0.0, )",
          "JoinRpg.Markdown": "[1.0.0, )",
          "JoinRpg.PrimitiveTypes": "[1.0.0, )",
          "JoinRpg.Services.Interfaces": "[1.0.0, )",
          "JoinRpg.Web.Claims": "[1.0.0, )",
          "JoinRpg.Web.Games": "[1.0.0, )",
          "JoinRpg.Web.Plots": "[1.0.0, )",
          "JoinRpg.Web.ProjectMasterTools": "[1.0.0, )"
        }
      },
      "pscbapi": {
        "type": "Project",
        "dependencies": {
          "Microsoft.Extensions.Http": "[10.0.3, )",
          "Newtonsoft.Json": "[13.0.4, )"
        }
      },
      "Autofac": {
        "type": "CentralTransitive",
        "requested": "[9.0.0, )",
        "resolved": "9.0.0",
        "contentHash": "G8TpUMVIq1pEAMuAao8h5MKduY91SotjgK93wQb5LaxbJUVE0/XjCA6t2SOp+AkPC3GB/C2MAiF2D7krYjraFw=="
      },
      "EntityFramework": {
        "type": "CentralTransitive",
        "requested": "[6.5.1, )",
        "resolved": "6.5.1",
        "contentHash": "sQRP2lWg1i3aAGWqdliAM8zrGx7LHMUk+9/MoxUjwfTZYGMXvZ2JYZTlyTm1PqDxvn3c9E3U76TWDON7Y5+CVA==",
        "dependencies": {
          "System.CodeDom": "6.0.0",
          "System.ComponentModel.Annotations": "5.0.0",
          "System.Configuration.ConfigurationManager": "6.0.1",
          "System.Data.SqlClient": "4.8.6"
        }
      },
      "HtmlAgilityPack": {
        "type": "CentralTransitive",
        "requested": "[1.12.1, )",
        "resolved": "1.12.1",
        "contentHash": "SP6/2Y26CXtxjXn0Wwsom9Ek35SNWKHEu/IWhNEFejBSSVWWXPRSlpqpBSYWv1SQhYFnwMO01xVbEdK3iRR4hg=="
      },
      "LinqKit.EntityFramework": {
        "type": "CentralTransitive",
        "requested": "[1.3.11, )",
        "resolved": "1.3.11",
        "contentHash": "2gsK8wMBghKB6br6kTMuckoOqbA/HeUuull+JeI40gYYctNjL9FDg+voynG+h4U4/MZ5rxZHqfAxX9d8tHdEDw==",
        "dependencies": {
          "EntityFramework": "6.5.1",
          "LinqKit.Core": "1.2.11"
        }
      },
      "Markdig": {
        "type": "CentralTransitive",
        "requested": "[0.45.0, )",
        "resolved": "0.45.0",
        "contentHash": "ObNLcA1b+0lpNNoEg256g9faMeJZi35wZW0AnKJ4nGPJe+5qkwnV26kUvQTHuanFnSX9SdvPzOO41BVJ6XarAg=="
      },
      "Microsoft.AspNetCore.Components": {
        "type": "CentralTransitive",
        "requested": "[10.0.3, )",
        "resolved": "10.0.3",
        "contentHash": "kzh0i0HrEdY4uV6KzXt3U+/2Bf586ryc5CiP6ve6vqnj/XnuLdqvvnTw+JGJcGNCK1ye4Q4eU2JvDuD7xB4U0A==",
        "dependencies": {
          "Microsoft.AspNetCore.Authorization": "10.0.3",
          "Microsoft.AspNetCore.Components.Analyzers": "10.0.3"
        }
      },
      "Microsoft.AspNetCore.Components.Web": {
        "type": "CentralTransitive",
        "requested": "[10.0.3, )",
        "resolved": "10.0.3",
        "contentHash": "eC5CzeM2axzGyIbEjrN/7CAaFr3eMAecPOPxTUYHuIV5tLjg1hljUeIxjCP0vv5XsaUkbozIdFqc0VSl+RMAUw==",
        "dependencies": {
          "Microsoft.AspNetCore.Components": "10.0.3",
          "Microsoft.AspNetCore.Components.Forms": "10.0.3",
          "Microsoft.Extensions.DependencyInjection": "10.0.3",
          "Microsoft.Extensions.Primitives": "10.0.3",
          "Microsoft.JSInterop": "10.0.3"
        }
      },
      "Microsoft.Extensions.Configuration.Abstractions": {
        "type": "CentralTransitive",
        "requested": "[10.0.3, )",
        "resolved": "10.0.3",
        "contentHash": "xVDHL0+SIgemfh95fTO9cGLe17TWv/ZP0n7m01z8X6pzt2DmQpucioWR/mYZA1sRlkWnkXzfl0JweLNWmE9WMg==",
        "dependencies": {
          "Microsoft.Extensions.Primitives": "10.0.3"
        }
      },
      "Microsoft.Extensions.DependencyInjection.Abstractions": {
        "type": "CentralTransitive",
        "requested": "[10.0.3, )",
        "resolved": "10.0.3",
        "contentHash": "bwGMrRcAMWx2s/RDgja97p27rxSz2pEQW0+rX5cWAUWVETVJ/eyxGfjAl8vuG5a+lckWmPIE+vcuaZNVB5YDdw=="
      },
      "Microsoft.Extensions.Http": {
        "type": "CentralTransitive",
        "requested": "[10.0.3, )",
        "resolved": "10.0.3",
        "contentHash": "M5gWob3dtzlF14oto1lR1ZuSJrR0gGc+obv7zY9LGmX5y3Ndpve29MrrjqJW/m4CFud4TE/KFUuHjjtwxhCO8g==",
        "dependencies": {
          "Microsoft.Extensions.Configuration.Abstractions": "10.0.3",
          "Microsoft.Extensions.DependencyInjection.Abstractions": "10.0.3",
          "Microsoft.Extensions.Diagnostics": "10.0.3",
          "Microsoft.Extensions.Logging": "10.0.3",
          "Microsoft.Extensions.Logging.Abstractions": "10.0.3",
          "Microsoft.Extensions.Options": "10.0.3"
        }
      },
      "Microsoft.Extensions.Logging.Abstractions": {
        "type": "CentralTransitive",
        "requested": "[10.0.3, )",
        "resolved": "10.0.3",
        "contentHash": "lxl0WLk7ROgBFAsjcOYjQ8/DVK+VMszxGBzUhgtQmAsTNldLL5pk9NG/cWTsXHq0lUhUEAtZkEE7jOGOA8bGKQ==",
        "dependencies": {
          "Microsoft.Extensions.DependencyInjection.Abstractions": "10.0.3"
        }
      },
      "Microsoft.Extensions.Options": {
        "type": "CentralTransitive",
        "requested": "[10.0.3, )",
        "resolved": "10.0.3",
        "contentHash": "hU6WzGTPvPoLA2ng1ILvWQb3g0qORdlHNsxI8IcPLumJb3suimYUl+bbDzdo1V4KFsvVhnMWzysHpKbZaoDQPQ==",
        "dependencies": {
          "Microsoft.Extensions.DependencyInjection.Abstractions": "10.0.3",
          "Microsoft.Extensions.Primitives": "10.0.3"
        }
      },
      "Newtonsoft.Json": {
        "type": "CentralTransitive",
        "requested": "[13.0.4, )",
        "resolved": "13.0.4",
        "contentHash": "pdgNNMai3zv51W5aq268sujXUyx7SNdE2bj1wZcWjAQrKMFZV260lbqYop1d2GM67JI1huLRwxo9ZqnfF/lC6A=="
      },
      "Vereyon.Web.HtmlSanitizer": {
        "type": "CentralTransitive",
        "requested": "[1.8.0, )",
        "resolved": "1.8.0",
        "contentHash": "oMML9M4wFQfHbTpfLjgng8rKqATrdNcCm0PxhrhOB3FITwaJYWN2OMDfBwDXEHZBUFXFAqECdx6UqOBuinviaw==",
        "dependencies": {
          "HtmlAgilityPack": "1.7.1"
        }
      }
    }
  }
}