{
  "version": 2,
  "dependencies": {
    "net10.0": {
      "Autofac": {
        "type": "Direct",
        "requested": "[9.0.0, )",
        "resolved": "9.0.0",
        "contentHash": "G8TpUMVIq1pEAMuAao8h5MKduY91SotjgK93wQb5LaxbJUVE0/XjCA6t2SOp+AkPC3GB/C2MAiF2D7krYjraFw=="
      },
      "Microsoft.Extensions.Logging.Abstractions": {
        "type": "Direct",
        "requested": "[10.0.3, )",
        "resolved": "10.0.3",
        "contentHash": "lxl0WLk7ROgBFAsjcOYjQ8/DVK+VMszxGBzUhgtQmAsTNldLL5pk9NG/cWTsXHq0lUhUEAtZkEE7jOGOA8bGKQ==",
        "dependencies": {
          "Microsoft.Extensions.DependencyInjection.Abstractions": "10.0.3"
        }
      },
      "Newtonsoft.Json": {
        "type": "Direct",
        "requested": "[13.0.4, )",
        "resolved": "13.0.4",
        "contentHash": "pdgNNMai3zv51W5aq268sujXUyx7SNdE2bj1wZcWjAQrKMFZV260lbqYop1d2GM67JI1huLRwxo9ZqnfF/lC6A=="
      },
      "ReferenceTrimmer": {
        "type": "Direct",
        "requested": "[3.4.5, )",
        "resolved": "3.4.5",
        "contentHash": "I3vQerUFZ3BSrPfdpAUZX+OIEj9rf/BZ0p/Dc+KlygFHsGa3zekygNhqoPOP6/p06ql1lAcGmrqJGpsLOb6Yfw=="
      },
      "joinrpg.data.interfaces": {
        "type": "Project",
        "dependencies": {
          "JoinRpg.DataModel": "[1.0.0, )",
          "JoinRpg.Helpers": "[1.0.0, )",
          "JoinRpg.Interfaces": "[1.0.0, )",
          "JoinRpg.PrimitiveTypes": "[1.0.0, )"
        }
      },
      "joinrpg.datamodel": {
        "type": "Project",
        "dependencies": {
          "JoinRpg.Helpers": "[1.0.0, )",
          "JoinRpg.PrimitiveTypes": "[1.0.0, )",
          "Newtonsoft.Json": "[13.0.4, )"
        }
      },
      "joinrpg.helpers": {
        "type": "Project"
      },
      "joinrpg.interfaces": {
        "type": "Project",
        "dependencies": {
          "JoinRpg.PrimitiveTypes": "[1.0.0, )",
          "Microsoft.Extensions.DependencyInjection.Abstractions": "[10.0.3, )"
        }
      },
      "joinrpg.primitivetypes": {
        "type": "Project",
        "dependencies": {
          "JoinRpg.Helpers": "[1.0.0, )"
        }
      },
      "Microsoft.Extensions.DependencyInjection.Abstractions": {
        "type": "CentralTransitive",
        "requested": "[10.0.3, )",
        "resolved": "10.0.3",
        "contentHash": "bwGMrRcAMWx2s/RDgja97p27rxSz2pEQW0+rX5cWAUWVETVJ/eyxGfjAl8vuG5a+lckWmPIE+vcuaZNVB5YDdw=="
      }
    }
  }
}